// !$*UTF8*$!
{
	archiveVersion = 1;
	classes = {
	};
	objectVersion = 56;
	objects = {

/* Begin PBXBuildFile section */
		030C22122A13B2FE00625532 /* All_YouApp.swift in Sources */ = {isa = PBXBuildFile; fileRef = 030C22112A13B2FE00625532 /* All_YouApp.swift */; };
		030C22192A13B2FF00625532 /* Preview Assets.xcassets in Resources */ = {isa = PBXBuildFile; fileRef = 030C22182A13B2FF00625532 /* Preview Assets.xcassets */; };
		030C22232A13B2FF00625532 /* All_YouTests.swift in Sources */ = {isa = PBXBuildFile; fileRef = 030C22222A13B2FF00625532 /* All_YouTests.swift */; };
		030C222D2A13B2FF00625532 /* All_YouUITests.swift in Sources */ = {isa = PBXBuildFile; fileRef = 030C222C2A13B2FF00625532 /* All_YouUITests.swift */; };
		030C222F2A13B2FF00625532 /* All_YouUITestsLaunchTests.swift in Sources */ = {isa = PBXBuildFile; fileRef = 030C222E2A13B2FF00625532 /* All_YouUITestsLaunchTests.swift */; };
		030C22922A13B5BE00625532 /* SequenceUtils.swift in Sources */ = {isa = PBXBuildFile; fileRef = 030C223C2A13B5BE00625532 /* SequenceUtils.swift */; };
		030C22932A13B5BE00625532 /* SequenceUtils.swift in Sources */ = {isa = PBXBuildFile; fileRef = 030C223C2A13B5BE00625532 /* SequenceUtils.swift */; };
		030C22942A13B5BE00625532 /* SequenceUtils.swift in Sources */ = {isa = PBXBuildFile; fileRef = 030C223C2A13B5BE00625532 /* SequenceUtils.swift */; };
		030C22952A13B5BE00625532 /* ColorUtils.swift in Sources */ = {isa = PBXBuildFile; fileRef = 030C223D2A13B5BE00625532 /* ColorUtils.swift */; };
		030C22962A13B5BE00625532 /* ColorUtils.swift in Sources */ = {isa = PBXBuildFile; fileRef = 030C223D2A13B5BE00625532 /* ColorUtils.swift */; };
		030C22972A13B5BE00625532 /* ColorUtils.swift in Sources */ = {isa = PBXBuildFile; fileRef = 030C223D2A13B5BE00625532 /* ColorUtils.swift */; };
		030C22982A13B5BE00625532 /* UserRepository.swift in Sources */ = {isa = PBXBuildFile; fileRef = 030C22402A13B5BE00625532 /* UserRepository.swift */; };
		030C22992A13B5BE00625532 /* UserRepository.swift in Sources */ = {isa = PBXBuildFile; fileRef = 030C22402A13B5BE00625532 /* UserRepository.swift */; };
		030C229A2A13B5BE00625532 /* UserRepository.swift in Sources */ = {isa = PBXBuildFile; fileRef = 030C22402A13B5BE00625532 /* UserRepository.swift */; };
		030C229B2A13B5BE00625532 /* AuthenticationRepository.swift in Sources */ = {isa = PBXBuildFile; fileRef = 030C22412A13B5BE00625532 /* AuthenticationRepository.swift */; };
		030C229C2A13B5BE00625532 /* AuthenticationRepository.swift in Sources */ = {isa = PBXBuildFile; fileRef = 030C22412A13B5BE00625532 /* AuthenticationRepository.swift */; };
		030C229D2A13B5BE00625532 /* AuthenticationRepository.swift in Sources */ = {isa = PBXBuildFile; fileRef = 030C22412A13B5BE00625532 /* AuthenticationRepository.swift */; };
		030C229E2A13B5BE00625532 /* ProfilePhotoRepository.swift in Sources */ = {isa = PBXBuildFile; fileRef = 030C22422A13B5BE00625532 /* ProfilePhotoRepository.swift */; };
		030C229F2A13B5BE00625532 /* ProfilePhotoRepository.swift in Sources */ = {isa = PBXBuildFile; fileRef = 030C22422A13B5BE00625532 /* ProfilePhotoRepository.swift */; };
		030C22A02A13B5BE00625532 /* ProfilePhotoRepository.swift in Sources */ = {isa = PBXBuildFile; fileRef = 030C22422A13B5BE00625532 /* ProfilePhotoRepository.swift */; };
		030C22A12A13B5BE00625532 /* FrontRepository.swift in Sources */ = {isa = PBXBuildFile; fileRef = 030C22432A13B5BE00625532 /* FrontRepository.swift */; };
		030C22A22A13B5BE00625532 /* FrontRepository.swift in Sources */ = {isa = PBXBuildFile; fileRef = 030C22432A13B5BE00625532 /* FrontRepository.swift */; };
		030C22A32A13B5BE00625532 /* FrontRepository.swift in Sources */ = {isa = PBXBuildFile; fileRef = 030C22432A13B5BE00625532 /* FrontRepository.swift */; };
		030C22A42A13B5BE00625532 /* AlterRepository.swift in Sources */ = {isa = PBXBuildFile; fileRef = 030C22442A13B5BE00625532 /* AlterRepository.swift */; };
		030C22A52A13B5BE00625532 /* AlterRepository.swift in Sources */ = {isa = PBXBuildFile; fileRef = 030C22442A13B5BE00625532 /* AlterRepository.swift */; };
		030C22A62A13B5BE00625532 /* AlterRepository.swift in Sources */ = {isa = PBXBuildFile; fileRef = 030C22442A13B5BE00625532 /* AlterRepository.swift */; };
		030C22A72A13B5BE00625532 /* AppwriteClient.swift in Sources */ = {isa = PBXBuildFile; fileRef = 030C22452A13B5BE00625532 /* AppwriteClient.swift */; };
		030C22A82A13B5BE00625532 /* AppwriteClient.swift in Sources */ = {isa = PBXBuildFile; fileRef = 030C22452A13B5BE00625532 /* AppwriteClient.swift */; };
		030C22A92A13B5BE00625532 /* AppwriteClient.swift in Sources */ = {isa = PBXBuildFile; fileRef = 030C22452A13B5BE00625532 /* AppwriteClient.swift */; };
		030C22AA2A13B5BE00625532 /* FrontRecord.swift in Sources */ = {isa = PBXBuildFile; fileRef = 030C22472A13B5BE00625532 /* FrontRecord.swift */; };
		030C22AB2A13B5BE00625532 /* FrontRecord.swift in Sources */ = {isa = PBXBuildFile; fileRef = 030C22472A13B5BE00625532 /* FrontRecord.swift */; };
		030C22AC2A13B5BE00625532 /* FrontRecord.swift in Sources */ = {isa = PBXBuildFile; fileRef = 030C22472A13B5BE00625532 /* FrontRecord.swift */; };
		030C22AD2A13B5BE00625532 /* AlterModel.swift in Sources */ = {isa = PBXBuildFile; fileRef = 030C22482A13B5BE00625532 /* AlterModel.swift */; };
		030C22AE2A13B5BE00625532 /* AlterModel.swift in Sources */ = {isa = PBXBuildFile; fileRef = 030C22482A13B5BE00625532 /* AlterModel.swift */; };
		030C22AF2A13B5BE00625532 /* AlterModel.swift in Sources */ = {isa = PBXBuildFile; fileRef = 030C22482A13B5BE00625532 /* AlterModel.swift */; };
		030C22B02A13B5BE00625532 /* UserModel.swift in Sources */ = {isa = PBXBuildFile; fileRef = 030C22492A13B5BE00625532 /* UserModel.swift */; };
		030C22B12A13B5BE00625532 /* UserModel.swift in Sources */ = {isa = PBXBuildFile; fileRef = 030C22492A13B5BE00625532 /* UserModel.swift */; };
		030C22B22A13B5BE00625532 /* UserModel.swift in Sources */ = {isa = PBXBuildFile; fileRef = 030C22492A13B5BE00625532 /* UserModel.swift */; };
		030C22B32A13B5BE00625532 /* SignInWithAppleUseCase.swift in Sources */ = {isa = PBXBuildFile; fileRef = 030C224B2A13B5BE00625532 /* SignInWithAppleUseCase.swift */; };
		030C22B42A13B5BE00625532 /* SignInWithAppleUseCase.swift in Sources */ = {isa = PBXBuildFile; fileRef = 030C224B2A13B5BE00625532 /* SignInWithAppleUseCase.swift */; };
		030C22B52A13B5BE00625532 /* SignInWithAppleUseCase.swift in Sources */ = {isa = PBXBuildFile; fileRef = 030C224B2A13B5BE00625532 /* SignInWithAppleUseCase.swift */; };
		030C22B62A13B5BE00625532 /* HasUserCompletedOnboardingUseCase.swift in Sources */ = {isa = PBXBuildFile; fileRef = 030C224C2A13B5BE00625532 /* HasUserCompletedOnboardingUseCase.swift */; };
		030C22B72A13B5BE00625532 /* HasUserCompletedOnboardingUseCase.swift in Sources */ = {isa = PBXBuildFile; fileRef = 030C224C2A13B5BE00625532 /* HasUserCompletedOnboardingUseCase.swift */; };
		030C22B82A13B5BE00625532 /* HasUserCompletedOnboardingUseCase.swift in Sources */ = {isa = PBXBuildFile; fileRef = 030C224C2A13B5BE00625532 /* HasUserCompletedOnboardingUseCase.swift */; };
		030C22B92A13B5BE00625532 /* GetCurrentUserUseCase.swift in Sources */ = {isa = PBXBuildFile; fileRef = 030C224D2A13B5BE00625532 /* GetCurrentUserUseCase.swift */; };
		030C22BA2A13B5BE00625532 /* GetCurrentUserUseCase.swift in Sources */ = {isa = PBXBuildFile; fileRef = 030C224D2A13B5BE00625532 /* GetCurrentUserUseCase.swift */; };
		030C22BB2A13B5BE00625532 /* GetCurrentUserUseCase.swift in Sources */ = {isa = PBXBuildFile; fileRef = 030C224D2A13B5BE00625532 /* GetCurrentUserUseCase.swift */; };
		030C22BC2A13B5BE00625532 /* SaveOnboardingUserProfileUseCase.swift in Sources */ = {isa = PBXBuildFile; fileRef = 030C224E2A13B5BE00625532 /* SaveOnboardingUserProfileUseCase.swift */; };
		030C22BD2A13B5BE00625532 /* SaveOnboardingUserProfileUseCase.swift in Sources */ = {isa = PBXBuildFile; fileRef = 030C224E2A13B5BE00625532 /* SaveOnboardingUserProfileUseCase.swift */; };
		030C22BE2A13B5BE00625532 /* SaveOnboardingUserProfileUseCase.swift in Sources */ = {isa = PBXBuildFile; fileRef = 030C224E2A13B5BE00625532 /* SaveOnboardingUserProfileUseCase.swift */; };
		030C22BF2A13B5BE00625532 /* GetUserAltersUseCase.swift in Sources */ = {isa = PBXBuildFile; fileRef = 030C224F2A13B5BE00625532 /* GetUserAltersUseCase.swift */; };
		030C22C02A13B5BE00625532 /* GetUserAltersUseCase.swift in Sources */ = {isa = PBXBuildFile; fileRef = 030C224F2A13B5BE00625532 /* GetUserAltersUseCase.swift */; };
		030C22C12A13B5BE00625532 /* GetUserAltersUseCase.swift in Sources */ = {isa = PBXBuildFile; fileRef = 030C224F2A13B5BE00625532 /* GetUserAltersUseCase.swift */; };
		030C22C22A13B5BE00625532 /* UploadProfilePhotoUseCase.swift in Sources */ = {isa = PBXBuildFile; fileRef = 030C22502A13B5BE00625532 /* UploadProfilePhotoUseCase.swift */; };
		030C22C32A13B5BE00625532 /* UploadProfilePhotoUseCase.swift in Sources */ = {isa = PBXBuildFile; fileRef = 030C22502A13B5BE00625532 /* UploadProfilePhotoUseCase.swift */; };
		030C22C42A13B5BE00625532 /* UploadProfilePhotoUseCase.swift in Sources */ = {isa = PBXBuildFile; fileRef = 030C22502A13B5BE00625532 /* UploadProfilePhotoUseCase.swift */; };
		030C22C52A13B5BE00625532 /* SignInWithGoogleUseCase.swift in Sources */ = {isa = PBXBuildFile; fileRef = 030C22512A13B5BE00625532 /* SignInWithGoogleUseCase.swift */; };
		030C22C62A13B5BE00625532 /* SignInWithGoogleUseCase.swift in Sources */ = {isa = PBXBuildFile; fileRef = 030C22512A13B5BE00625532 /* SignInWithGoogleUseCase.swift */; };
		030C22C72A13B5BE00625532 /* SignInWithGoogleUseCase.swift in Sources */ = {isa = PBXBuildFile; fileRef = 030C22512A13B5BE00625532 /* SignInWithGoogleUseCase.swift */; };
		030C22C82A13B5BE00625532 /* IsUserSignedInUseCase.swift in Sources */ = {isa = PBXBuildFile; fileRef = 030C22522A13B5BE00625532 /* IsUserSignedInUseCase.swift */; };
		030C22C92A13B5BE00625532 /* IsUserSignedInUseCase.swift in Sources */ = {isa = PBXBuildFile; fileRef = 030C22522A13B5BE00625532 /* IsUserSignedInUseCase.swift */; };
		030C22CA2A13B5BE00625532 /* IsUserSignedInUseCase.swift in Sources */ = {isa = PBXBuildFile; fileRef = 030C22522A13B5BE00625532 /* IsUserSignedInUseCase.swift */; };
		030C22CB2A13B5BE00625532 /* HomeView.swift in Sources */ = {isa = PBXBuildFile; fileRef = 030C22552A13B5BE00625532 /* HomeView.swift */; };
		030C22CC2A13B5BE00625532 /* HomeView.swift in Sources */ = {isa = PBXBuildFile; fileRef = 030C22552A13B5BE00625532 /* HomeView.swift */; };
		030C22CD2A13B5BE00625532 /* HomeView.swift in Sources */ = {isa = PBXBuildFile; fileRef = 030C22552A13B5BE00625532 /* HomeView.swift */; };
		030C22CE2A13B5BE00625532 /* ChatView.swift in Sources */ = {isa = PBXBuildFile; fileRef = 030C22572A13B5BE00625532 /* ChatView.swift */; };
		030C22CF2A13B5BE00625532 /* ChatView.swift in Sources */ = {isa = PBXBuildFile; fileRef = 030C22572A13B5BE00625532 /* ChatView.swift */; };
		030C22D02A13B5BE00625532 /* ChatView.swift in Sources */ = {isa = PBXBuildFile; fileRef = 030C22572A13B5BE00625532 /* ChatView.swift */; };
		030C22D12A13B5BE00625532 /* FrontReducer.swift in Sources */ = {isa = PBXBuildFile; fileRef = 030C22592A13B5BE00625532 /* FrontReducer.swift */; };
		030C22D22A13B5BE00625532 /* FrontReducer.swift in Sources */ = {isa = PBXBuildFile; fileRef = 030C22592A13B5BE00625532 /* FrontReducer.swift */; };
		030C22D32A13B5BE00625532 /* FrontReducer.swift in Sources */ = {isa = PBXBuildFile; fileRef = 030C22592A13B5BE00625532 /* FrontReducer.swift */; };
		030C22D42A13B5BE00625532 /* FrontState.swift in Sources */ = {isa = PBXBuildFile; fileRef = 030C225A2A13B5BE00625532 /* FrontState.swift */; };
		030C22D52A13B5BE00625532 /* FrontState.swift in Sources */ = {isa = PBXBuildFile; fileRef = 030C225A2A13B5BE00625532 /* FrontState.swift */; };
		030C22D62A13B5BE00625532 /* FrontState.swift in Sources */ = {isa = PBXBuildFile; fileRef = 030C225A2A13B5BE00625532 /* FrontState.swift */; };
		030C22D72A13B5BE00625532 /* FrontView.swift in Sources */ = {isa = PBXBuildFile; fileRef = 030C225B2A13B5BE00625532 /* FrontView.swift */; };
		030C22D82A13B5BE00625532 /* FrontView.swift in Sources */ = {isa = PBXBuildFile; fileRef = 030C225B2A13B5BE00625532 /* FrontView.swift */; };
		030C22D92A13B5BE00625532 /* FrontView.swift in Sources */ = {isa = PBXBuildFile; fileRef = 030C225B2A13B5BE00625532 /* FrontView.swift */; };
		030C22DA2A13B5BE00625532 /* FrontActions.swift in Sources */ = {isa = PBXBuildFile; fileRef = 030C225C2A13B5BE00625532 /* FrontActions.swift */; };
		030C22DB2A13B5BE00625532 /* FrontActions.swift in Sources */ = {isa = PBXBuildFile; fileRef = 030C225C2A13B5BE00625532 /* FrontActions.swift */; };
		030C22DC2A13B5BE00625532 /* FrontActions.swift in Sources */ = {isa = PBXBuildFile; fileRef = 030C225C2A13B5BE00625532 /* FrontActions.swift */; };
		030C22DD2A13B5BE00625532 /* FrontSideEffects.swift in Sources */ = {isa = PBXBuildFile; fileRef = 030C225D2A13B5BE00625532 /* FrontSideEffects.swift */; };
		030C22DE2A13B5BE00625532 /* FrontSideEffects.swift in Sources */ = {isa = PBXBuildFile; fileRef = 030C225D2A13B5BE00625532 /* FrontSideEffects.swift */; };
		030C22DF2A13B5BE00625532 /* FrontSideEffects.swift in Sources */ = {isa = PBXBuildFile; fileRef = 030C225D2A13B5BE00625532 /* FrontSideEffects.swift */; };
		030C22E02A13B5BE00625532 /* Store.swift in Sources */ = {isa = PBXBuildFile; fileRef = 030C225F2A13B5BE00625532 /* Store.swift */; };
		030C22E12A13B5BE00625532 /* Store.swift in Sources */ = {isa = PBXBuildFile; fileRef = 030C225F2A13B5BE00625532 /* Store.swift */; };
		030C22E22A13B5BE00625532 /* Store.swift in Sources */ = {isa = PBXBuildFile; fileRef = 030C225F2A13B5BE00625532 /* Store.swift */; };
		030C22E32A13B5BE00625532 /* AlterViewState.swift in Sources */ = {isa = PBXBuildFile; fileRef = 030C22612A13B5BE00625532 /* AlterViewState.swift */; };
		030C22E42A13B5BE00625532 /* AlterViewState.swift in Sources */ = {isa = PBXBuildFile; fileRef = 030C22612A13B5BE00625532 /* AlterViewState.swift */; };
		030C22E52A13B5BE00625532 /* AlterViewState.swift in Sources */ = {isa = PBXBuildFile; fileRef = 030C22612A13B5BE00625532 /* AlterViewState.swift */; };
		030C22E62A13B5BE00625532 /* AlterView.swift in Sources */ = {isa = PBXBuildFile; fileRef = 030C22622A13B5BE00625532 /* AlterView.swift */; };
		030C22E72A13B5BE00625532 /* AlterView.swift in Sources */ = {isa = PBXBuildFile; fileRef = 030C22622A13B5BE00625532 /* AlterView.swift */; };
		030C22E82A13B5BE00625532 /* AlterView.swift in Sources */ = {isa = PBXBuildFile; fileRef = 030C22622A13B5BE00625532 /* AlterView.swift */; };
		030C22E92A13B5BE00625532 /* SearchBar.swift in Sources */ = {isa = PBXBuildFile; fileRef = 030C22642A13B5BE00625532 /* SearchBar.swift */; };
		030C22EA2A13B5BE00625532 /* SearchBar.swift in Sources */ = {isa = PBXBuildFile; fileRef = 030C22642A13B5BE00625532 /* SearchBar.swift */; };
		030C22EB2A13B5BE00625532 /* SearchBar.swift in Sources */ = {isa = PBXBuildFile; fileRef = 030C22642A13B5BE00625532 /* SearchBar.swift */; };
		030C22EC2A13B5BE00625532 /* ProfilePhotoComponent.swift in Sources */ = {isa = PBXBuildFile; fileRef = 030C22652A13B5BE00625532 /* ProfilePhotoComponent.swift */; };
		030C22ED2A13B5BE00625532 /* ProfilePhotoComponent.swift in Sources */ = {isa = PBXBuildFile; fileRef = 030C22652A13B5BE00625532 /* ProfilePhotoComponent.swift */; };
		030C22EE2A13B5BE00625532 /* ProfilePhotoComponent.swift in Sources */ = {isa = PBXBuildFile; fileRef = 030C22652A13B5BE00625532 /* ProfilePhotoComponent.swift */; };
		030C22EF2A13B5BE00625532 /* ProfileViewComponent.swift in Sources */ = {isa = PBXBuildFile; fileRef = 030C22662A13B5BE00625532 /* ProfileViewComponent.swift */; };
		030C22F02A13B5BE00625532 /* ProfileViewComponent.swift in Sources */ = {isa = PBXBuildFile; fileRef = 030C22662A13B5BE00625532 /* ProfileViewComponent.swift */; };
		030C22F12A13B5BE00625532 /* ProfileViewComponent.swift in Sources */ = {isa = PBXBuildFile; fileRef = 030C22662A13B5BE00625532 /* ProfileViewComponent.swift */; };
		030C22F22A13B5BE00625532 /* Buttons.swift in Sources */ = {isa = PBXBuildFile; fileRef = 030C22682A13B5BE00625532 /* Buttons.swift */; };
		030C22F32A13B5BE00625532 /* Buttons.swift in Sources */ = {isa = PBXBuildFile; fileRef = 030C22682A13B5BE00625532 /* Buttons.swift */; };
		030C22F42A13B5BE00625532 /* Buttons.swift in Sources */ = {isa = PBXBuildFile; fileRef = 030C22682A13B5BE00625532 /* Buttons.swift */; };
		030C22F52A13B5BE00625532 /* Spacing.swift in Sources */ = {isa = PBXBuildFile; fileRef = 030C22692A13B5BE00625532 /* Spacing.swift */; };
		030C22F62A13B5BE00625532 /* Spacing.swift in Sources */ = {isa = PBXBuildFile; fileRef = 030C22692A13B5BE00625532 /* Spacing.swift */; };
		030C22F72A13B5BE00625532 /* Spacing.swift in Sources */ = {isa = PBXBuildFile; fileRef = 030C22692A13B5BE00625532 /* Spacing.swift */; };
		030C22F82A13B5BE00625532 /* TextInput.swift in Sources */ = {isa = PBXBuildFile; fileRef = 030C226A2A13B5BE00625532 /* TextInput.swift */; };
		030C22F92A13B5BE00625532 /* TextInput.swift in Sources */ = {isa = PBXBuildFile; fileRef = 030C226A2A13B5BE00625532 /* TextInput.swift */; };
		030C22FA2A13B5BE00625532 /* TextInput.swift in Sources */ = {isa = PBXBuildFile; fileRef = 030C226A2A13B5BE00625532 /* TextInput.swift */; };
		030C22FB2A13B5BE00625532 /* Colors.swift in Sources */ = {isa = PBXBuildFile; fileRef = 030C226B2A13B5BE00625532 /* Colors.swift */; };
		030C22FC2A13B5BE00625532 /* Colors.swift in Sources */ = {isa = PBXBuildFile; fileRef = 030C226B2A13B5BE00625532 /* Colors.swift */; };
		030C22FD2A13B5BE00625532 /* Colors.swift in Sources */ = {isa = PBXBuildFile; fileRef = 030C226B2A13B5BE00625532 /* Colors.swift */; };
		030C22FE2A13B5BE00625532 /* RootActions.swift in Sources */ = {isa = PBXBuildFile; fileRef = 030C226D2A13B5BE00625532 /* RootActions.swift */; };
		030C22FF2A13B5BE00625532 /* RootActions.swift in Sources */ = {isa = PBXBuildFile; fileRef = 030C226D2A13B5BE00625532 /* RootActions.swift */; };
		030C23002A13B5BE00625532 /* RootActions.swift in Sources */ = {isa = PBXBuildFile; fileRef = 030C226D2A13B5BE00625532 /* RootActions.swift */; };
		030C23012A13B5BE00625532 /* RootView.swift in Sources */ = {isa = PBXBuildFile; fileRef = 030C226E2A13B5BE00625532 /* RootView.swift */; };
		030C23022A13B5BE00625532 /* RootView.swift in Sources */ = {isa = PBXBuildFile; fileRef = 030C226E2A13B5BE00625532 /* RootView.swift */; };
		030C23032A13B5BE00625532 /* RootView.swift in Sources */ = {isa = PBXBuildFile; fileRef = 030C226E2A13B5BE00625532 /* RootView.swift */; };
		030C23042A13B5BE00625532 /* RootSideEffect.swift in Sources */ = {isa = PBXBuildFile; fileRef = 030C226F2A13B5BE00625532 /* RootSideEffect.swift */; };
		030C23052A13B5BE00625532 /* RootSideEffect.swift in Sources */ = {isa = PBXBuildFile; fileRef = 030C226F2A13B5BE00625532 /* RootSideEffect.swift */; };
		030C23062A13B5BE00625532 /* RootSideEffect.swift in Sources */ = {isa = PBXBuildFile; fileRef = 030C226F2A13B5BE00625532 /* RootSideEffect.swift */; };
		030C23072A13B5BE00625532 /* RootState.swift in Sources */ = {isa = PBXBuildFile; fileRef = 030C22702A13B5BE00625532 /* RootState.swift */; };
		030C23082A13B5BE00625532 /* RootState.swift in Sources */ = {isa = PBXBuildFile; fileRef = 030C22702A13B5BE00625532 /* RootState.swift */; };
		030C23092A13B5BE00625532 /* RootState.swift in Sources */ = {isa = PBXBuildFile; fileRef = 030C22702A13B5BE00625532 /* RootState.swift */; };
		030C230A2A13B5BE00625532 /* RootReducer.swift in Sources */ = {isa = PBXBuildFile; fileRef = 030C22712A13B5BE00625532 /* RootReducer.swift */; };
		030C230B2A13B5BE00625532 /* RootReducer.swift in Sources */ = {isa = PBXBuildFile; fileRef = 030C22712A13B5BE00625532 /* RootReducer.swift */; };
		030C230C2A13B5BE00625532 /* RootReducer.swift in Sources */ = {isa = PBXBuildFile; fileRef = 030C22712A13B5BE00625532 /* RootReducer.swift */; };
		030C230D2A13B5BE00625532 /* SettingsView.swift in Sources */ = {isa = PBXBuildFile; fileRef = 030C22732A13B5BE00625532 /* SettingsView.swift */; };
		030C230E2A13B5BE00625532 /* SettingsView.swift in Sources */ = {isa = PBXBuildFile; fileRef = 030C22732A13B5BE00625532 /* SettingsView.swift */; };
		030C230F2A13B5BE00625532 /* SettingsView.swift in Sources */ = {isa = PBXBuildFile; fileRef = 030C22732A13B5BE00625532 /* SettingsView.swift */; };
		030C23102A13B5BE00625532 /* UserUIModel.swift in Sources */ = {isa = PBXBuildFile; fileRef = 030C22752A13B5BE00625532 /* UserUIModel.swift */; };
		030C23112A13B5BE00625532 /* UserUIModel.swift in Sources */ = {isa = PBXBuildFile; fileRef = 030C22752A13B5BE00625532 /* UserUIModel.swift */; };
		030C23122A13B5BE00625532 /* UserUIModel.swift in Sources */ = {isa = PBXBuildFile; fileRef = 030C22752A13B5BE00625532 /* UserUIModel.swift */; };
		030C23132A13B5BE00625532 /* AlterUIModel.swift in Sources */ = {isa = PBXBuildFile; fileRef = 030C22762A13B5BE00625532 /* AlterUIModel.swift */; };
		030C23142A13B5BE00625532 /* AlterUIModel.swift in Sources */ = {isa = PBXBuildFile; fileRef = 030C22762A13B5BE00625532 /* AlterUIModel.swift */; };
		030C23152A13B5BE00625532 /* AlterUIModel.swift in Sources */ = {isa = PBXBuildFile; fileRef = 030C22762A13B5BE00625532 /* AlterUIModel.swift */; };
		030C23162A13B5BE00625532 /* LoginView.swift in Sources */ = {isa = PBXBuildFile; fileRef = 030C22782A13B5BE00625532 /* LoginView.swift */; };
		030C23172A13B5BE00625532 /* LoginView.swift in Sources */ = {isa = PBXBuildFile; fileRef = 030C22782A13B5BE00625532 /* LoginView.swift */; };
		030C23182A13B5BE00625532 /* LoginView.swift in Sources */ = {isa = PBXBuildFile; fileRef = 030C22782A13B5BE00625532 /* LoginView.swift */; };
		030C23192A13B5BE00625532 /* LoginActions.swift in Sources */ = {isa = PBXBuildFile; fileRef = 030C22792A13B5BE00625532 /* LoginActions.swift */; };
		030C231A2A13B5BE00625532 /* LoginActions.swift in Sources */ = {isa = PBXBuildFile; fileRef = 030C22792A13B5BE00625532 /* LoginActions.swift */; };
		030C231B2A13B5BE00625532 /* LoginActions.swift in Sources */ = {isa = PBXBuildFile; fileRef = 030C22792A13B5BE00625532 /* LoginActions.swift */; };
		030C231C2A13B5BE00625532 /* LoginState.swift in Sources */ = {isa = PBXBuildFile; fileRef = 030C227A2A13B5BE00625532 /* LoginState.swift */; };
		030C231D2A13B5BE00625532 /* LoginState.swift in Sources */ = {isa = PBXBuildFile; fileRef = 030C227A2A13B5BE00625532 /* LoginState.swift */; };
		030C231E2A13B5BE00625532 /* LoginState.swift in Sources */ = {isa = PBXBuildFile; fileRef = 030C227A2A13B5BE00625532 /* LoginState.swift */; };
		030C231F2A13B5BE00625532 /* LoginReducer.swift in Sources */ = {isa = PBXBuildFile; fileRef = 030C227B2A13B5BE00625532 /* LoginReducer.swift */; };
		030C23202A13B5BE00625532 /* LoginReducer.swift in Sources */ = {isa = PBXBuildFile; fileRef = 030C227B2A13B5BE00625532 /* LoginReducer.swift */; };
		030C23212A13B5BE00625532 /* LoginReducer.swift in Sources */ = {isa = PBXBuildFile; fileRef = 030C227B2A13B5BE00625532 /* LoginReducer.swift */; };
		030C23222A13B5BE00625532 /* LoginSideEffects.swift in Sources */ = {isa = PBXBuildFile; fileRef = 030C227C2A13B5BE00625532 /* LoginSideEffects.swift */; };
		030C23232A13B5BE00625532 /* LoginSideEffects.swift in Sources */ = {isa = PBXBuildFile; fileRef = 030C227C2A13B5BE00625532 /* LoginSideEffects.swift */; };
		030C23242A13B5BE00625532 /* LoginSideEffects.swift in Sources */ = {isa = PBXBuildFile; fileRef = 030C227C2A13B5BE00625532 /* LoginSideEffects.swift */; };
		030C23252A13B5BE00625532 /* SavingProfile.swift in Sources */ = {isa = PBXBuildFile; fileRef = 030C227E2A13B5BE00625532 /* SavingProfile.swift */; };
		030C23262A13B5BE00625532 /* SavingProfile.swift in Sources */ = {isa = PBXBuildFile; fileRef = 030C227E2A13B5BE00625532 /* SavingProfile.swift */; };
		030C23272A13B5BE00625532 /* SavingProfile.swift in Sources */ = {isa = PBXBuildFile; fileRef = 030C227E2A13B5BE00625532 /* SavingProfile.swift */; };
		030C23282A13B5BE00625532 /* WelcomePage.swift in Sources */ = {isa = PBXBuildFile; fileRef = 030C227F2A13B5BE00625532 /* WelcomePage.swift */; };
		030C23292A13B5BE00625532 /* WelcomePage.swift in Sources */ = {isa = PBXBuildFile; fileRef = 030C227F2A13B5BE00625532 /* WelcomePage.swift */; };
		030C232A2A13B5BE00625532 /* WelcomePage.swift in Sources */ = {isa = PBXBuildFile; fileRef = 030C227F2A13B5BE00625532 /* WelcomePage.swift */; };
		030C232B2A13B5BE00625532 /* OnboardingReducer.swift in Sources */ = {isa = PBXBuildFile; fileRef = 030C22812A13B5BE00625532 /* OnboardingReducer.swift */; };
		030C232C2A13B5BE00625532 /* OnboardingReducer.swift in Sources */ = {isa = PBXBuildFile; fileRef = 030C22812A13B5BE00625532 /* OnboardingReducer.swift */; };
		030C232D2A13B5BE00625532 /* OnboardingReducer.swift in Sources */ = {isa = PBXBuildFile; fileRef = 030C22812A13B5BE00625532 /* OnboardingReducer.swift */; };
		030C232E2A13B5BE00625532 /* OnboardingSideEffects.swift in Sources */ = {isa = PBXBuildFile; fileRef = 030C22822A13B5BE00625532 /* OnboardingSideEffects.swift */; };
		030C232F2A13B5BE00625532 /* OnboardingSideEffects.swift in Sources */ = {isa = PBXBuildFile; fileRef = 030C22822A13B5BE00625532 /* OnboardingSideEffects.swift */; };
		030C23302A13B5BE00625532 /* OnboardingSideEffects.swift in Sources */ = {isa = PBXBuildFile; fileRef = 030C22822A13B5BE00625532 /* OnboardingSideEffects.swift */; };
		030C23312A13B5BE00625532 /* OnboardingState.swift in Sources */ = {isa = PBXBuildFile; fileRef = 030C22832A13B5BE00625532 /* OnboardingState.swift */; };
		030C23322A13B5BE00625532 /* OnboardingState.swift in Sources */ = {isa = PBXBuildFile; fileRef = 030C22832A13B5BE00625532 /* OnboardingState.swift */; };
		030C23332A13B5BE00625532 /* OnboardingState.swift in Sources */ = {isa = PBXBuildFile; fileRef = 030C22832A13B5BE00625532 /* OnboardingState.swift */; };
		030C23342A13B5BE00625532 /* OnboardingActions.swift in Sources */ = {isa = PBXBuildFile; fileRef = 030C22842A13B5BE00625532 /* OnboardingActions.swift */; };
		030C23352A13B5BE00625532 /* OnboardingActions.swift in Sources */ = {isa = PBXBuildFile; fileRef = 030C22842A13B5BE00625532 /* OnboardingActions.swift */; };
		030C23362A13B5BE00625532 /* OnboardingActions.swift in Sources */ = {isa = PBXBuildFile; fileRef = 030C22842A13B5BE00625532 /* OnboardingActions.swift */; };
		030C23372A13B5BE00625532 /* SystemOnboarding.swift in Sources */ = {isa = PBXBuildFile; fileRef = 030C22852A13B5BE00625532 /* SystemOnboarding.swift */; };
		030C23382A13B5BE00625532 /* SystemOnboarding.swift in Sources */ = {isa = PBXBuildFile; fileRef = 030C22852A13B5BE00625532 /* SystemOnboarding.swift */; };
		030C23392A13B5BE00625532 /* SystemOnboarding.swift in Sources */ = {isa = PBXBuildFile; fileRef = 030C22852A13B5BE00625532 /* SystemOnboarding.swift */; };
		030C233A2A13B5BE00625532 /* SystemOnbaordingState~.swift in Sources */ = {isa = PBXBuildFile; fileRef = 030C22872A13B5BE00625532 /* SystemOnbaordingState~.swift */; };
		030C233B2A13B5BE00625532 /* SystemOnbaordingState~.swift in Sources */ = {isa = PBXBuildFile; fileRef = 030C22872A13B5BE00625532 /* SystemOnbaordingState~.swift */; };
		030C233C2A13B5BE00625532 /* SystemOnbaordingState~.swift in Sources */ = {isa = PBXBuildFile; fileRef = 030C22872A13B5BE00625532 /* SystemOnbaordingState~.swift */; };
		030C233D2A13B5BE00625532 /* Onboarding.swift in Sources */ = {isa = PBXBuildFile; fileRef = 030C22882A13B5BE00625532 /* Onboarding.swift */; };
		030C233E2A13B5BE00625532 /* Onboarding.swift in Sources */ = {isa = PBXBuildFile; fileRef = 030C22882A13B5BE00625532 /* Onboarding.swift */; };
		030C233F2A13B5BE00625532 /* Onboarding.swift in Sources */ = {isa = PBXBuildFile; fileRef = 030C22882A13B5BE00625532 /* Onboarding.swift */; };
		030C23402A13B5BE00625532 /* AlterOnboarding.swift in Sources */ = {isa = PBXBuildFile; fileRef = 030C22892A13B5BE00625532 /* AlterOnboarding.swift */; };
		030C23412A13B5BE00625532 /* AlterOnboarding.swift in Sources */ = {isa = PBXBuildFile; fileRef = 030C22892A13B5BE00625532 /* AlterOnboarding.swift */; };
		030C23422A13B5BE00625532 /* AlterOnboarding.swift in Sources */ = {isa = PBXBuildFile; fileRef = 030C22892A13B5BE00625532 /* AlterOnboarding.swift */; };
		030C23432A13B5BE00625532 /* NotificationsPermissions.swift in Sources */ = {isa = PBXBuildFile; fileRef = 030C228A2A13B5BE00625532 /* NotificationsPermissions.swift */; };
		030C23442A13B5BE00625532 /* NotificationsPermissions.swift in Sources */ = {isa = PBXBuildFile; fileRef = 030C228A2A13B5BE00625532 /* NotificationsPermissions.swift */; };
		030C23452A13B5BE00625532 /* NotificationsPermissions.swift in Sources */ = {isa = PBXBuildFile; fileRef = 030C228A2A13B5BE00625532 /* NotificationsPermissions.swift */; };
		030C23462A13B5BE00625532 /* ServiceContainer.swift in Sources */ = {isa = PBXBuildFile; fileRef = 030C228C2A13B5BE00625532 /* ServiceContainer.swift */; };
		030C23472A13B5BE00625532 /* ServiceContainer.swift in Sources */ = {isa = PBXBuildFile; fileRef = 030C228C2A13B5BE00625532 /* ServiceContainer.swift */; };
		030C23482A13B5BE00625532 /* ServiceContainer.swift in Sources */ = {isa = PBXBuildFile; fileRef = 030C228C2A13B5BE00625532 /* ServiceContainer.swift */; };
		030C23492A13B5BE00625532 /* PropertyWrapper.swift in Sources */ = {isa = PBXBuildFile; fileRef = 030C228D2A13B5BE00625532 /* PropertyWrapper.swift */; };
		030C234A2A13B5BE00625532 /* PropertyWrapper.swift in Sources */ = {isa = PBXBuildFile; fileRef = 030C228D2A13B5BE00625532 /* PropertyWrapper.swift */; };
		030C234B2A13B5BE00625532 /* PropertyWrapper.swift in Sources */ = {isa = PBXBuildFile; fileRef = 030C228D2A13B5BE00625532 /* PropertyWrapper.swift */; };
		030C234C2A13B5BE00625532 /* Assets.xcassets in Resources */ = {isa = PBXBuildFile; fileRef = 030C228E2A13B5BE00625532 /* Assets.xcassets */; };
		030C234D2A13B5BE00625532 /* Assets.xcassets in Resources */ = {isa = PBXBuildFile; fileRef = 030C228E2A13B5BE00625532 /* Assets.xcassets */; };
		030C234E2A13B5BE00625532 /* Assets.xcassets in Resources */ = {isa = PBXBuildFile; fileRef = 030C228E2A13B5BE00625532 /* Assets.xcassets */; };
		030C234F2A13B5BE00625532 /* Preview Assets.xcassets in Resources */ = {isa = PBXBuildFile; fileRef = 030C22902A13B5BE00625532 /* Preview Assets.xcassets */; };
		030C23502A13B5BE00625532 /* Preview Assets.xcassets in Resources */ = {isa = PBXBuildFile; fileRef = 030C22902A13B5BE00625532 /* Preview Assets.xcassets */; };
		030C23512A13B5BE00625532 /* Preview Assets.xcassets in Resources */ = {isa = PBXBuildFile; fileRef = 030C22902A13B5BE00625532 /* Preview Assets.xcassets */; };
		030C23532A13B5BE00625532 /* Info.plist in Resources */ = {isa = PBXBuildFile; fileRef = 030C22912A13B5BE00625532 /* Info.plist */; };
		030C23542A13B5BE00625532 /* Info.plist in Resources */ = {isa = PBXBuildFile; fileRef = 030C22912A13B5BE00625532 /* Info.plist */; };
		030C23592A13B97E00625532 /* SearchAltersUseCase.swift in Sources */ = {isa = PBXBuildFile; fileRef = 030C23582A13B97E00625532 /* SearchAltersUseCase.swift */; };
		030C235A2A13B97E00625532 /* SearchAltersUseCase.swift in Sources */ = {isa = PBXBuildFile; fileRef = 030C23582A13B97E00625532 /* SearchAltersUseCase.swift */; };
		030C235B2A13B97E00625532 /* SearchAltersUseCase.swift in Sources */ = {isa = PBXBuildFile; fileRef = 030C23582A13B97E00625532 /* SearchAltersUseCase.swift */; };
		030C235F2A13BCE000625532 /* AlterSheet.swift in Sources */ = {isa = PBXBuildFile; fileRef = 030C235E2A13BCE000625532 /* AlterSheet.swift */; };
		030C23602A13BCE000625532 /* AlterSheet.swift in Sources */ = {isa = PBXBuildFile; fileRef = 030C235E2A13BCE000625532 /* AlterSheet.swift */; };
		030C23612A13BCE000625532 /* AlterSheet.swift in Sources */ = {isa = PBXBuildFile; fileRef = 030C235E2A13BCE000625532 /* AlterSheet.swift */; };
		030C23632A13F89500625532 /* AlterSheetState.swift in Sources */ = {isa = PBXBuildFile; fileRef = 030C23622A13F89500625532 /* AlterSheetState.swift */; };
		030C23642A13F89500625532 /* AlterSheetState.swift in Sources */ = {isa = PBXBuildFile; fileRef = 030C23622A13F89500625532 /* AlterSheetState.swift */; };
		030C23652A13F89500625532 /* AlterSheetState.swift in Sources */ = {isa = PBXBuildFile; fileRef = 030C23622A13F89500625532 /* AlterSheetState.swift */; };
		030C23672A13F8E000625532 /* AlterSheetActions.swift in Sources */ = {isa = PBXBuildFile; fileRef = 030C23662A13F8E000625532 /* AlterSheetActions.swift */; };
		030C23682A13F8E000625532 /* AlterSheetActions.swift in Sources */ = {isa = PBXBuildFile; fileRef = 030C23662A13F8E000625532 /* AlterSheetActions.swift */; };
		030C23692A13F8E000625532 /* AlterSheetActions.swift in Sources */ = {isa = PBXBuildFile; fileRef = 030C23662A13F8E000625532 /* AlterSheetActions.swift */; };
		030C236F2A13F99A00625532 /* AlterSheetSideEffects.swift in Sources */ = {isa = PBXBuildFile; fileRef = 030C236E2A13F99A00625532 /* AlterSheetSideEffects.swift */; };
		030C23702A13F99A00625532 /* AlterSheetSideEffects.swift in Sources */ = {isa = PBXBuildFile; fileRef = 030C236E2A13F99A00625532 /* AlterSheetSideEffects.swift */; };
		030C23712A13F99A00625532 /* AlterSheetSideEffects.swift in Sources */ = {isa = PBXBuildFile; fileRef = 030C236E2A13F99A00625532 /* AlterSheetSideEffects.swift */; };
		030C23732A13F9BB00625532 /* AlterSheetReducer.swift in Sources */ = {isa = PBXBuildFile; fileRef = 030C23722A13F9BA00625532 /* AlterSheetReducer.swift */; };
		030C23742A13F9BB00625532 /* AlterSheetReducer.swift in Sources */ = {isa = PBXBuildFile; fileRef = 030C23722A13F9BA00625532 /* AlterSheetReducer.swift */; };
		030C23752A13F9BB00625532 /* AlterSheetReducer.swift in Sources */ = {isa = PBXBuildFile; fileRef = 030C23722A13F9BA00625532 /* AlterSheetReducer.swift */; };
		030C23772A13FA9700625532 /* GetAlterByIDUseCase.swift in Sources */ = {isa = PBXBuildFile; fileRef = 030C23762A13FA9700625532 /* GetAlterByIDUseCase.swift */; };
		030C23782A13FA9700625532 /* GetAlterByIDUseCase.swift in Sources */ = {isa = PBXBuildFile; fileRef = 030C23762A13FA9700625532 /* GetAlterByIDUseCase.swift */; };
		030C23792A13FA9700625532 /* GetAlterByIDUseCase.swift in Sources */ = {isa = PBXBuildFile; fileRef = 030C23762A13FA9700625532 /* GetAlterByIDUseCase.swift */; };
		030C237C2A13FBF100625532 /* AnimatedTabBar in Frameworks */ = {isa = PBXBuildFile; productRef = 030C237B2A13FBF100625532 /* AnimatedTabBar */; };
		0313A2F02A16CBCD00FEC459 /* Appwrite in Frameworks */ = {isa = PBXBuildFile; productRef = 0313A2EF2A16CBCD00FEC459 /* Appwrite */; };
/* End PBXBuildFile section */

/* Begin PBXContainerItemProxy section */
		030C221F2A13B2FF00625532 /* PBXContainerItemProxy */ = {
			isa = PBXContainerItemProxy;
			containerPortal = 030C22062A13B2FE00625532 /* Project object */;
			proxyType = 1;
			remoteGlobalIDString = 030C220D2A13B2FE00625532;
			remoteInfo = "All You";
		};
		030C22292A13B2FF00625532 /* PBXContainerItemProxy */ = {
			isa = PBXContainerItemProxy;
			containerPortal = 030C22062A13B2FE00625532 /* Project object */;
			proxyType = 1;
			remoteGlobalIDString = 030C220D2A13B2FE00625532;
			remoteInfo = "All You";
		};
/* End PBXContainerItemProxy section */

/* Begin PBXFileReference section */
		030C220E2A13B2FE00625532 /* All You.app */ = {isa = PBXFileReference; explicitFileType = wrapper.application; includeInIndex = 0; path = "All You.app"; sourceTree = BUILT_PRODUCTS_DIR; };
		030C22112A13B2FE00625532 /* All_YouApp.swift */ = {isa = PBXFileReference; lastKnownFileType = sourcecode.swift; path = All_YouApp.swift; sourceTree = "<group>"; };
		030C22152A13B2FF00625532 /* Assets.xcassets */ = {isa = PBXFileReference; lastKnownFileType = folder.assetcatalog; path = Assets.xcassets; sourceTree = "<group>"; };
		030C22182A13B2FF00625532 /* Preview Assets.xcassets */ = {isa = PBXFileReference; lastKnownFileType = folder.assetcatalog; path = "Preview Assets.xcassets"; sourceTree = "<group>"; };
		030C221E2A13B2FF00625532 /* All YouTests.xctest */ = {isa = PBXFileReference; explicitFileType = wrapper.cfbundle; includeInIndex = 0; path = "All YouTests.xctest"; sourceTree = BUILT_PRODUCTS_DIR; };
		030C22222A13B2FF00625532 /* All_YouTests.swift */ = {isa = PBXFileReference; lastKnownFileType = sourcecode.swift; path = All_YouTests.swift; sourceTree = "<group>"; };
		030C22282A13B2FF00625532 /* All YouUITests.xctest */ = {isa = PBXFileReference; explicitFileType = wrapper.cfbundle; includeInIndex = 0; path = "All YouUITests.xctest"; sourceTree = BUILT_PRODUCTS_DIR; };
		030C222C2A13B2FF00625532 /* All_YouUITests.swift */ = {isa = PBXFileReference; lastKnownFileType = sourcecode.swift; path = All_YouUITests.swift; sourceTree = "<group>"; };
		030C222E2A13B2FF00625532 /* All_YouUITestsLaunchTests.swift */ = {isa = PBXFileReference; lastKnownFileType = sourcecode.swift; path = All_YouUITestsLaunchTests.swift; sourceTree = "<group>"; };
		030C223C2A13B5BE00625532 /* SequenceUtils.swift */ = {isa = PBXFileReference; fileEncoding = 4; lastKnownFileType = sourcecode.swift; path = SequenceUtils.swift; sourceTree = "<group>"; };
		030C223D2A13B5BE00625532 /* ColorUtils.swift */ = {isa = PBXFileReference; fileEncoding = 4; lastKnownFileType = sourcecode.swift; path = ColorUtils.swift; sourceTree = "<group>"; };
		030C22402A13B5BE00625532 /* UserRepository.swift */ = {isa = PBXFileReference; fileEncoding = 4; lastKnownFileType = sourcecode.swift; path = UserRepository.swift; sourceTree = "<group>"; };
		030C22412A13B5BE00625532 /* AuthenticationRepository.swift */ = {isa = PBXFileReference; fileEncoding = 4; lastKnownFileType = sourcecode.swift; path = AuthenticationRepository.swift; sourceTree = "<group>"; };
		030C22422A13B5BE00625532 /* ProfilePhotoRepository.swift */ = {isa = PBXFileReference; fileEncoding = 4; lastKnownFileType = sourcecode.swift; path = ProfilePhotoRepository.swift; sourceTree = "<group>"; };
		030C22432A13B5BE00625532 /* FrontRepository.swift */ = {isa = PBXFileReference; fileEncoding = 4; lastKnownFileType = sourcecode.swift; path = FrontRepository.swift; sourceTree = "<group>"; };
		030C22442A13B5BE00625532 /* AlterRepository.swift */ = {isa = PBXFileReference; fileEncoding = 4; lastKnownFileType = sourcecode.swift; path = AlterRepository.swift; sourceTree = "<group>"; };
		030C22452A13B5BE00625532 /* AppwriteClient.swift */ = {isa = PBXFileReference; fileEncoding = 4; lastKnownFileType = sourcecode.swift; path = AppwriteClient.swift; sourceTree = "<group>"; };
		030C22472A13B5BE00625532 /* FrontRecord.swift */ = {isa = PBXFileReference; fileEncoding = 4; lastKnownFileType = sourcecode.swift; path = FrontRecord.swift; sourceTree = "<group>"; };
		030C22482A13B5BE00625532 /* AlterModel.swift */ = {isa = PBXFileReference; fileEncoding = 4; lastKnownFileType = sourcecode.swift; path = AlterModel.swift; sourceTree = "<group>"; };
		030C22492A13B5BE00625532 /* UserModel.swift */ = {isa = PBXFileReference; fileEncoding = 4; lastKnownFileType = sourcecode.swift; path = UserModel.swift; sourceTree = "<group>"; };
		030C224B2A13B5BE00625532 /* SignInWithAppleUseCase.swift */ = {isa = PBXFileReference; fileEncoding = 4; lastKnownFileType = sourcecode.swift; path = SignInWithAppleUseCase.swift; sourceTree = "<group>"; };
		030C224C2A13B5BE00625532 /* HasUserCompletedOnboardingUseCase.swift */ = {isa = PBXFileReference; fileEncoding = 4; lastKnownFileType = sourcecode.swift; path = HasUserCompletedOnboardingUseCase.swift; sourceTree = "<group>"; };
		030C224D2A13B5BE00625532 /* GetCurrentUserUseCase.swift */ = {isa = PBXFileReference; fileEncoding = 4; lastKnownFileType = sourcecode.swift; path = GetCurrentUserUseCase.swift; sourceTree = "<group>"; };
		030C224E2A13B5BE00625532 /* SaveOnboardingUserProfileUseCase.swift */ = {isa = PBXFileReference; fileEncoding = 4; lastKnownFileType = sourcecode.swift; path = SaveOnboardingUserProfileUseCase.swift; sourceTree = "<group>"; };
		030C224F2A13B5BE00625532 /* GetUserAltersUseCase.swift */ = {isa = PBXFileReference; fileEncoding = 4; lastKnownFileType = sourcecode.swift; path = GetUserAltersUseCase.swift; sourceTree = "<group>"; };
		030C22502A13B5BE00625532 /* UploadProfilePhotoUseCase.swift */ = {isa = PBXFileReference; fileEncoding = 4; lastKnownFileType = sourcecode.swift; path = UploadProfilePhotoUseCase.swift; sourceTree = "<group>"; };
		030C22512A13B5BE00625532 /* SignInWithGoogleUseCase.swift */ = {isa = PBXFileReference; fileEncoding = 4; lastKnownFileType = sourcecode.swift; path = SignInWithGoogleUseCase.swift; sourceTree = "<group>"; };
		030C22522A13B5BE00625532 /* IsUserSignedInUseCase.swift */ = {isa = PBXFileReference; fileEncoding = 4; lastKnownFileType = sourcecode.swift; path = IsUserSignedInUseCase.swift; sourceTree = "<group>"; };
		030C22552A13B5BE00625532 /* HomeView.swift */ = {isa = PBXFileReference; fileEncoding = 4; lastKnownFileType = sourcecode.swift; path = HomeView.swift; sourceTree = "<group>"; };
		030C22572A13B5BE00625532 /* ChatView.swift */ = {isa = PBXFileReference; fileEncoding = 4; lastKnownFileType = sourcecode.swift; path = ChatView.swift; sourceTree = "<group>"; };
		030C22592A13B5BE00625532 /* FrontReducer.swift */ = {isa = PBXFileReference; fileEncoding = 4; lastKnownFileType = sourcecode.swift; path = FrontReducer.swift; sourceTree = "<group>"; };
		030C225A2A13B5BE00625532 /* FrontState.swift */ = {isa = PBXFileReference; fileEncoding = 4; lastKnownFileType = sourcecode.swift; path = FrontState.swift; sourceTree = "<group>"; };
		030C225B2A13B5BE00625532 /* FrontView.swift */ = {isa = PBXFileReference; fileEncoding = 4; lastKnownFileType = sourcecode.swift; path = FrontView.swift; sourceTree = "<group>"; };
		030C225C2A13B5BE00625532 /* FrontActions.swift */ = {isa = PBXFileReference; fileEncoding = 4; lastKnownFileType = sourcecode.swift; path = FrontActions.swift; sourceTree = "<group>"; };
		030C225D2A13B5BE00625532 /* FrontSideEffects.swift */ = {isa = PBXFileReference; fileEncoding = 4; lastKnownFileType = sourcecode.swift; path = FrontSideEffects.swift; sourceTree = "<group>"; };
		030C225F2A13B5BE00625532 /* Store.swift */ = {isa = PBXFileReference; fileEncoding = 4; lastKnownFileType = sourcecode.swift; path = Store.swift; sourceTree = "<group>"; };
		030C22612A13B5BE00625532 /* AlterViewState.swift */ = {isa = PBXFileReference; fileEncoding = 4; lastKnownFileType = sourcecode.swift; path = AlterViewState.swift; sourceTree = "<group>"; };
		030C22622A13B5BE00625532 /* AlterView.swift */ = {isa = PBXFileReference; fileEncoding = 4; lastKnownFileType = sourcecode.swift; path = AlterView.swift; sourceTree = "<group>"; };
		030C22642A13B5BE00625532 /* SearchBar.swift */ = {isa = PBXFileReference; fileEncoding = 4; lastKnownFileType = sourcecode.swift; path = SearchBar.swift; sourceTree = "<group>"; };
		030C22652A13B5BE00625532 /* ProfilePhotoComponent.swift */ = {isa = PBXFileReference; fileEncoding = 4; lastKnownFileType = sourcecode.swift; path = ProfilePhotoComponent.swift; sourceTree = "<group>"; };
		030C22662A13B5BE00625532 /* ProfileViewComponent.swift */ = {isa = PBXFileReference; fileEncoding = 4; lastKnownFileType = sourcecode.swift; path = ProfileViewComponent.swift; sourceTree = "<group>"; };
		030C22682A13B5BE00625532 /* Buttons.swift */ = {isa = PBXFileReference; fileEncoding = 4; lastKnownFileType = sourcecode.swift; path = Buttons.swift; sourceTree = "<group>"; };
		030C22692A13B5BE00625532 /* Spacing.swift */ = {isa = PBXFileReference; fileEncoding = 4; lastKnownFileType = sourcecode.swift; path = Spacing.swift; sourceTree = "<group>"; };
		030C226A2A13B5BE00625532 /* TextInput.swift */ = {isa = PBXFileReference; fileEncoding = 4; lastKnownFileType = sourcecode.swift; path = TextInput.swift; sourceTree = "<group>"; };
		030C226B2A13B5BE00625532 /* Colors.swift */ = {isa = PBXFileReference; fileEncoding = 4; lastKnownFileType = sourcecode.swift; path = Colors.swift; sourceTree = "<group>"; };
		030C226D2A13B5BE00625532 /* RootActions.swift */ = {isa = PBXFileReference; fileEncoding = 4; lastKnownFileType = sourcecode.swift; path = RootActions.swift; sourceTree = "<group>"; };
		030C226E2A13B5BE00625532 /* RootView.swift */ = {isa = PBXFileReference; fileEncoding = 4; lastKnownFileType = sourcecode.swift; path = RootView.swift; sourceTree = "<group>"; };
		030C226F2A13B5BE00625532 /* RootSideEffect.swift */ = {isa = PBXFileReference; fileEncoding = 4; lastKnownFileType = sourcecode.swift; path = RootSideEffect.swift; sourceTree = "<group>"; };
		030C22702A13B5BE00625532 /* RootState.swift */ = {isa = PBXFileReference; fileEncoding = 4; lastKnownFileType = sourcecode.swift; path = RootState.swift; sourceTree = "<group>"; };
		030C22712A13B5BE00625532 /* RootReducer.swift */ = {isa = PBXFileReference; fileEncoding = 4; lastKnownFileType = sourcecode.swift; path = RootReducer.swift; sourceTree = "<group>"; };
		030C22732A13B5BE00625532 /* SettingsView.swift */ = {isa = PBXFileReference; fileEncoding = 4; lastKnownFileType = sourcecode.swift; path = SettingsView.swift; sourceTree = "<group>"; };
		030C22752A13B5BE00625532 /* UserUIModel.swift */ = {isa = PBXFileReference; fileEncoding = 4; lastKnownFileType = sourcecode.swift; path = UserUIModel.swift; sourceTree = "<group>"; };
		030C22762A13B5BE00625532 /* AlterUIModel.swift */ = {isa = PBXFileReference; fileEncoding = 4; lastKnownFileType = sourcecode.swift; path = AlterUIModel.swift; sourceTree = "<group>"; };
		030C22782A13B5BE00625532 /* LoginView.swift */ = {isa = PBXFileReference; fileEncoding = 4; lastKnownFileType = sourcecode.swift; path = LoginView.swift; sourceTree = "<group>"; };
		030C22792A13B5BE00625532 /* LoginActions.swift */ = {isa = PBXFileReference; fileEncoding = 4; lastKnownFileType = sourcecode.swift; path = LoginActions.swift; sourceTree = "<group>"; };
		030C227A2A13B5BE00625532 /* LoginState.swift */ = {isa = PBXFileReference; fileEncoding = 4; lastKnownFileType = sourcecode.swift; path = LoginState.swift; sourceTree = "<group>"; };
		030C227B2A13B5BE00625532 /* LoginReducer.swift */ = {isa = PBXFileReference; fileEncoding = 4; lastKnownFileType = sourcecode.swift; path = LoginReducer.swift; sourceTree = "<group>"; };
		030C227C2A13B5BE00625532 /* LoginSideEffects.swift */ = {isa = PBXFileReference; fileEncoding = 4; lastKnownFileType = sourcecode.swift; path = LoginSideEffects.swift; sourceTree = "<group>"; };
		030C227E2A13B5BE00625532 /* SavingProfile.swift */ = {isa = PBXFileReference; fileEncoding = 4; lastKnownFileType = sourcecode.swift; path = SavingProfile.swift; sourceTree = "<group>"; };
		030C227F2A13B5BE00625532 /* WelcomePage.swift */ = {isa = PBXFileReference; fileEncoding = 4; lastKnownFileType = sourcecode.swift; path = WelcomePage.swift; sourceTree = "<group>"; };
		030C22812A13B5BE00625532 /* OnboardingReducer.swift */ = {isa = PBXFileReference; fileEncoding = 4; lastKnownFileType = sourcecode.swift; path = OnboardingReducer.swift; sourceTree = "<group>"; };
		030C22822A13B5BE00625532 /* OnboardingSideEffects.swift */ = {isa = PBXFileReference; fileEncoding = 4; lastKnownFileType = sourcecode.swift; path = OnboardingSideEffects.swift; sourceTree = "<group>"; };
		030C22832A13B5BE00625532 /* OnboardingState.swift */ = {isa = PBXFileReference; fileEncoding = 4; lastKnownFileType = sourcecode.swift; path = OnboardingState.swift; sourceTree = "<group>"; };
		030C22842A13B5BE00625532 /* OnboardingActions.swift */ = {isa = PBXFileReference; fileEncoding = 4; lastKnownFileType = sourcecode.swift; path = OnboardingActions.swift; sourceTree = "<group>"; };
		030C22852A13B5BE00625532 /* SystemOnboarding.swift */ = {isa = PBXFileReference; fileEncoding = 4; lastKnownFileType = sourcecode.swift; path = SystemOnboarding.swift; sourceTree = "<group>"; };
		030C22872A13B5BE00625532 /* SystemOnbaordingState~.swift */ = {isa = PBXFileReference; fileEncoding = 4; lastKnownFileType = sourcecode.swift; path = "SystemOnbaordingState~.swift"; sourceTree = "<group>"; };
		030C22882A13B5BE00625532 /* Onboarding.swift */ = {isa = PBXFileReference; fileEncoding = 4; lastKnownFileType = sourcecode.swift; path = Onboarding.swift; sourceTree = "<group>"; };
		030C22892A13B5BE00625532 /* AlterOnboarding.swift */ = {isa = PBXFileReference; fileEncoding = 4; lastKnownFileType = sourcecode.swift; path = AlterOnboarding.swift; sourceTree = "<group>"; };
		030C228A2A13B5BE00625532 /* NotificationsPermissions.swift */ = {isa = PBXFileReference; fileEncoding = 4; lastKnownFileType = sourcecode.swift; path = NotificationsPermissions.swift; sourceTree = "<group>"; };
		030C228C2A13B5BE00625532 /* ServiceContainer.swift */ = {isa = PBXFileReference; fileEncoding = 4; lastKnownFileType = sourcecode.swift; path = ServiceContainer.swift; sourceTree = "<group>"; };
		030C228D2A13B5BE00625532 /* PropertyWrapper.swift */ = {isa = PBXFileReference; fileEncoding = 4; lastKnownFileType = sourcecode.swift; path = PropertyWrapper.swift; sourceTree = "<group>"; };
		030C228E2A13B5BE00625532 /* Assets.xcassets */ = {isa = PBXFileReference; lastKnownFileType = folder.assetcatalog; path = Assets.xcassets; sourceTree = SOURCE_ROOT; };
		030C22902A13B5BE00625532 /* Preview Assets.xcassets */ = {isa = PBXFileReference; lastKnownFileType = folder.assetcatalog; path = "Preview Assets.xcassets"; sourceTree = "<group>"; };
		030C22912A13B5BE00625532 /* Info.plist */ = {isa = PBXFileReference; lastKnownFileType = text.plist; path = Info.plist; sourceTree = SOURCE_ROOT; };
		030C23582A13B97E00625532 /* SearchAltersUseCase.swift */ = {isa = PBXFileReference; lastKnownFileType = sourcecode.swift; path = SearchAltersUseCase.swift; sourceTree = "<group>"; };
		030C235E2A13BCE000625532 /* AlterSheet.swift */ = {isa = PBXFileReference; lastKnownFileType = sourcecode.swift; path = AlterSheet.swift; sourceTree = "<group>"; };
		030C23622A13F89500625532 /* AlterSheetState.swift */ = {isa = PBXFileReference; lastKnownFileType = sourcecode.swift; path = AlterSheetState.swift; sourceTree = "<group>"; };
		030C23662A13F8E000625532 /* AlterSheetActions.swift */ = {isa = PBXFileReference; lastKnownFileType = sourcecode.swift; path = AlterSheetActions.swift; sourceTree = "<group>"; };
		030C236E2A13F99A00625532 /* AlterSheetSideEffects.swift */ = {isa = PBXFileReference; lastKnownFileType = sourcecode.swift; path = AlterSheetSideEffects.swift; sourceTree = "<group>"; };
		030C23722A13F9BA00625532 /* AlterSheetReducer.swift */ = {isa = PBXFileReference; fileEncoding = 4; lastKnownFileType = sourcecode.swift; path = AlterSheetReducer.swift; sourceTree = "<group>"; };
		030C23762A13FA9700625532 /* GetAlterByIDUseCase.swift */ = {isa = PBXFileReference; lastKnownFileType = sourcecode.swift; path = GetAlterByIDUseCase.swift; sourceTree = "<group>"; };
		030C237D2A1509DD00625532 /* All You.entitlements */ = {isa = PBXFileReference; lastKnownFileType = text.plist.entitlements; path = "All You.entitlements"; sourceTree = "<group>"; };
/* End PBXFileReference section */

/* Begin PBXFrameworksBuildPhase section */
		030C220B2A13B2FE00625532 /* Frameworks */ = {
			isa = PBXFrameworksBuildPhase;
			buildActionMask = 2147483647;
			files = (
				0313A2F02A16CBCD00FEC459 /* Appwrite in Frameworks */,
				030C237C2A13FBF100625532 /* AnimatedTabBar in Frameworks */,
			);
			runOnlyForDeploymentPostprocessing = 0;
		};
		030C221B2A13B2FF00625532 /* Frameworks */ = {
			isa = PBXFrameworksBuildPhase;
			buildActionMask = 2147483647;
			files = (
			);
			runOnlyForDeploymentPostprocessing = 0;
		};
		030C22252A13B2FF00625532 /* Frameworks */ = {
			isa = PBXFrameworksBuildPhase;
			buildActionMask = 2147483647;
			files = (
			);
			runOnlyForDeploymentPostprocessing = 0;
		};
/* End PBXFrameworksBuildPhase section */

/* Begin PBXGroup section */
		030C22052A13B2FE00625532 = {
			isa = PBXGroup;
			children = (
				030C22102A13B2FE00625532 /* All You */,
				030C22212A13B2FF00625532 /* All YouTests */,
				030C222B2A13B2FF00625532 /* All YouUITests */,
				030C220F2A13B2FE00625532 /* Products */,
			);
			sourceTree = "<group>";
		};
		030C220F2A13B2FE00625532 /* Products */ = {
			isa = PBXGroup;
			children = (
				030C220E2A13B2FE00625532 /* All You.app */,
				030C221E2A13B2FF00625532 /* All YouTests.xctest */,
				030C22282A13B2FF00625532 /* All YouUITests.xctest */,
			);
			name = Products;
			sourceTree = "<group>";
		};
		030C22102A13B2FE00625532 /* All You */ = {
			isa = PBXGroup;
			children = (
				030C237D2A1509DD00625532 /* All You.entitlements */,
				030C228E2A13B5BE00625532 /* Assets.xcassets */,
				030C228B2A13B5BE00625532 /* di */,
				030C223E2A13B5BE00625532 /* domain */,
				030C22912A13B5BE00625532 /* Info.plist */,
				030C228F2A13B5BE00625532 /* Preview Content */,
				030C22532A13B5BE00625532 /* ui */,
				030C223B2A13B5BE00625532 /* uitls */,
				030C22112A13B2FE00625532 /* All_YouApp.swift */,
				030C22152A13B2FF00625532 /* Assets.xcassets */,
				030C22172A13B2FF00625532 /* Preview Content */,
			);
			path = "All You";
			sourceTree = "<group>";
		};
		030C22172A13B2FF00625532 /* Preview Content */ = {
			isa = PBXGroup;
			children = (
				030C22182A13B2FF00625532 /* Preview Assets.xcassets */,
			);
			path = "Preview Content";
			sourceTree = "<group>";
		};
		030C22212A13B2FF00625532 /* All YouTests */ = {
			isa = PBXGroup;
			children = (
				030C22222A13B2FF00625532 /* All_YouTests.swift */,
			);
			path = "All YouTests";
			sourceTree = "<group>";
		};
		030C222B2A13B2FF00625532 /* All YouUITests */ = {
			isa = PBXGroup;
			children = (
				030C222C2A13B2FF00625532 /* All_YouUITests.swift */,
				030C222E2A13B2FF00625532 /* All_YouUITestsLaunchTests.swift */,
			);
			path = "All YouUITests";
			sourceTree = "<group>";
		};
		030C223B2A13B5BE00625532 /* uitls */ = {
			isa = PBXGroup;
			children = (
				030C223C2A13B5BE00625532 /* SequenceUtils.swift */,
				030C223D2A13B5BE00625532 /* ColorUtils.swift */,
			);
			path = uitls;
			sourceTree = SOURCE_ROOT;
		};
		030C223E2A13B5BE00625532 /* domain */ = {
			isa = PBXGroup;
			children = (
				030C223F2A13B5BE00625532 /* repositories */,
				030C22462A13B5BE00625532 /* model */,
				030C224A2A13B5BE00625532 /* usecases */,
			);
			path = domain;
			sourceTree = SOURCE_ROOT;
		};
		030C223F2A13B5BE00625532 /* repositories */ = {
			isa = PBXGroup;
			children = (
				030C22402A13B5BE00625532 /* UserRepository.swift */,
				030C22412A13B5BE00625532 /* AuthenticationRepository.swift */,
				030C22422A13B5BE00625532 /* ProfilePhotoRepository.swift */,
				030C22432A13B5BE00625532 /* FrontRepository.swift */,
				030C22442A13B5BE00625532 /* AlterRepository.swift */,
				030C22452A13B5BE00625532 /* AppwriteClient.swift */,
			);
			path = repositories;
			sourceTree = "<group>";
		};
		030C22462A13B5BE00625532 /* model */ = {
			isa = PBXGroup;
			children = (
				030C22472A13B5BE00625532 /* FrontRecord.swift */,
				030C22482A13B5BE00625532 /* AlterModel.swift */,
				030C22492A13B5BE00625532 /* UserModel.swift */,
			);
			path = model;
			sourceTree = "<group>";
		};
		030C224A2A13B5BE00625532 /* usecases */ = {
			isa = PBXGroup;
			children = (
				030C224B2A13B5BE00625532 /* SignInWithAppleUseCase.swift */,
				030C224C2A13B5BE00625532 /* HasUserCompletedOnboardingUseCase.swift */,
				030C224D2A13B5BE00625532 /* GetCurrentUserUseCase.swift */,
				030C224E2A13B5BE00625532 /* SaveOnboardingUserProfileUseCase.swift */,
				030C224F2A13B5BE00625532 /* GetUserAltersUseCase.swift */,
				030C22502A13B5BE00625532 /* UploadProfilePhotoUseCase.swift */,
				030C22512A13B5BE00625532 /* SignInWithGoogleUseCase.swift */,
				030C22522A13B5BE00625532 /* IsUserSignedInUseCase.swift */,
				030C23582A13B97E00625532 /* SearchAltersUseCase.swift */,
				030C23762A13FA9700625532 /* GetAlterByIDUseCase.swift */,
			);
			path = usecases;
			sourceTree = "<group>";
		};
		030C22532A13B5BE00625532 /* ui */ = {
			isa = PBXGroup;
			children = (
				030C235C2A13BC5000625532 /* Sheets */,
				030C22542A13B5BE00625532 /* home */,
				030C22562A13B5BE00625532 /* ChatView */,
				030C22582A13B5BE00625532 /* FrontView */,
				030C225E2A13B5BE00625532 /* state */,
				030C22602A13B5BE00625532 /* AlterView */,
				030C22632A13B5BE00625532 /* components */,
				030C22672A13B5BE00625532 /* theme */,
				030C226C2A13B5BE00625532 /* root */,
				030C22722A13B5BE00625532 /* SettingsView */,
				030C22742A13B5BE00625532 /* UIModel */,
				030C22772A13B5BE00625532 /* login */,
				030C227D2A13B5BE00625532 /* onboarding */,
			);
			path = ui;
			sourceTree = SOURCE_ROOT;
		};
		030C22542A13B5BE00625532 /* home */ = {
			isa = PBXGroup;
			children = (
				030C22552A13B5BE00625532 /* HomeView.swift */,
			);
			path = home;
			sourceTree = "<group>";
		};
		030C22562A13B5BE00625532 /* ChatView */ = {
			isa = PBXGroup;
			children = (
				030C22572A13B5BE00625532 /* ChatView.swift */,
			);
			path = ChatView;
			sourceTree = "<group>";
		};
		030C22582A13B5BE00625532 /* FrontView */ = {
			isa = PBXGroup;
			children = (
				030C22592A13B5BE00625532 /* FrontReducer.swift */,
				030C225A2A13B5BE00625532 /* FrontState.swift */,
				030C225B2A13B5BE00625532 /* FrontView.swift */,
				030C225C2A13B5BE00625532 /* FrontActions.swift */,
				030C225D2A13B5BE00625532 /* FrontSideEffects.swift */,
			);
			path = FrontView;
			sourceTree = "<group>";
		};
		030C225E2A13B5BE00625532 /* state */ = {
			isa = PBXGroup;
			children = (
				030C225F2A13B5BE00625532 /* Store.swift */,
			);
			path = state;
			sourceTree = "<group>";
		};
		030C22602A13B5BE00625532 /* AlterView */ = {
			isa = PBXGroup;
			children = (
				030C22612A13B5BE00625532 /* AlterViewState.swift */,
				030C22622A13B5BE00625532 /* AlterView.swift */,
			);
			path = AlterView;
			sourceTree = "<group>";
		};
		030C22632A13B5BE00625532 /* components */ = {
			isa = PBXGroup;
			children = (
				030C22642A13B5BE00625532 /* SearchBar.swift */,
				030C22652A13B5BE00625532 /* ProfilePhotoComponent.swift */,
				030C22662A13B5BE00625532 /* ProfileViewComponent.swift */,
			);
			path = components;
			sourceTree = "<group>";
		};
		030C22672A13B5BE00625532 /* theme */ = {
			isa = PBXGroup;
			children = (
				030C22682A13B5BE00625532 /* Buttons.swift */,
				030C22692A13B5BE00625532 /* Spacing.swift */,
				030C226A2A13B5BE00625532 /* TextInput.swift */,
				030C226B2A13B5BE00625532 /* Colors.swift */,
			);
			path = theme;
			sourceTree = "<group>";
		};
		030C226C2A13B5BE00625532 /* root */ = {
			isa = PBXGroup;
			children = (
				030C226D2A13B5BE00625532 /* RootActions.swift */,
				030C226E2A13B5BE00625532 /* RootView.swift */,
				030C226F2A13B5BE00625532 /* RootSideEffect.swift */,
				030C22702A13B5BE00625532 /* RootState.swift */,
				030C22712A13B5BE00625532 /* RootReducer.swift */,
			);
			path = root;
			sourceTree = "<group>";
		};
		030C22722A13B5BE00625532 /* SettingsView */ = {
			isa = PBXGroup;
			children = (
				030C22732A13B5BE00625532 /* SettingsView.swift */,
			);
			path = SettingsView;
			sourceTree = "<group>";
		};
		030C22742A13B5BE00625532 /* UIModel */ = {
			isa = PBXGroup;
			children = (
				030C22752A13B5BE00625532 /* UserUIModel.swift */,
				030C22762A13B5BE00625532 /* AlterUIModel.swift */,
			);
			path = UIModel;
			sourceTree = "<group>";
		};
		030C22772A13B5BE00625532 /* login */ = {
			isa = PBXGroup;
			children = (
				030C22782A13B5BE00625532 /* LoginView.swift */,
				030C22792A13B5BE00625532 /* LoginActions.swift */,
				030C227A2A13B5BE00625532 /* LoginState.swift */,
				030C227B2A13B5BE00625532 /* LoginReducer.swift */,
				030C227C2A13B5BE00625532 /* LoginSideEffects.swift */,
			);
			path = login;
			sourceTree = "<group>";
		};
		030C227D2A13B5BE00625532 /* onboarding */ = {
			isa = PBXGroup;
			children = (
				030C227E2A13B5BE00625532 /* SavingProfile.swift */,
				030C227F2A13B5BE00625532 /* WelcomePage.swift */,
				030C22802A13B5BE00625532 /* state */,
				030C22852A13B5BE00625532 /* SystemOnboarding.swift */,
				030C22862A13B5BE00625532 /* system */,
				030C22882A13B5BE00625532 /* Onboarding.swift */,
				030C22892A13B5BE00625532 /* AlterOnboarding.swift */,
				030C228A2A13B5BE00625532 /* NotificationsPermissions.swift */,
			);
			path = onboarding;
			sourceTree = "<group>";
		};
		030C22802A13B5BE00625532 /* state */ = {
			isa = PBXGroup;
			children = (
				030C22812A13B5BE00625532 /* OnboardingReducer.swift */,
				030C22822A13B5BE00625532 /* OnboardingSideEffects.swift */,
				030C22832A13B5BE00625532 /* OnboardingState.swift */,
				030C22842A13B5BE00625532 /* OnboardingActions.swift */,
			);
			path = state;
			sourceTree = "<group>";
		};
		030C22862A13B5BE00625532 /* system */ = {
			isa = PBXGroup;
			children = (
				030C22872A13B5BE00625532 /* SystemOnbaordingState~.swift */,
			);
			path = system;
			sourceTree = "<group>";
		};
		030C228B2A13B5BE00625532 /* di */ = {
			isa = PBXGroup;
			children = (
				030C228C2A13B5BE00625532 /* ServiceContainer.swift */,
				030C228D2A13B5BE00625532 /* PropertyWrapper.swift */,
			);
			path = di;
			sourceTree = SOURCE_ROOT;
		};
		030C228F2A13B5BE00625532 /* Preview Content */ = {
			isa = PBXGroup;
			children = (
				030C22902A13B5BE00625532 /* Preview Assets.xcassets */,
			);
			path = "Preview Content";
			sourceTree = SOURCE_ROOT;
		};
		030C235C2A13BC5000625532 /* Sheets */ = {
			isa = PBXGroup;
			children = (
				030C235D2A13BC5700625532 /* AlterSheet */,
			);
			path = Sheets;
			sourceTree = "<group>";
		};
		030C235D2A13BC5700625532 /* AlterSheet */ = {
			isa = PBXGroup;
			children = (
				030C23722A13F9BA00625532 /* AlterSheetReducer.swift */,
				030C235E2A13BCE000625532 /* AlterSheet.swift */,
				030C23622A13F89500625532 /* AlterSheetState.swift */,
				030C23662A13F8E000625532 /* AlterSheetActions.swift */,
				030C236E2A13F99A00625532 /* AlterSheetSideEffects.swift */,
			);
			path = AlterSheet;
			sourceTree = "<group>";
		};
/* End PBXGroup section */

/* Begin PBXNativeTarget section */
		030C220D2A13B2FE00625532 /* All You */ = {
			isa = PBXNativeTarget;
			buildConfigurationList = 030C22322A13B2FF00625532 /* Build configuration list for PBXNativeTarget "All You" */;
			buildPhases = (
				030C220A2A13B2FE00625532 /* Sources */,
				030C220B2A13B2FE00625532 /* Frameworks */,
				030C220C2A13B2FE00625532 /* Resources */,
			);
			buildRules = (
			);
			dependencies = (
			);
			name = "All You";
			packageProductDependencies = (
				030C237B2A13FBF100625532 /* AnimatedTabBar */,
				0313A2EF2A16CBCD00FEC459 /* Appwrite */,
			);
			productName = "All You";
			productReference = 030C220E2A13B2FE00625532 /* All You.app */;
			productType = "com.apple.product-type.application";
		};
		030C221D2A13B2FF00625532 /* All YouTests */ = {
			isa = PBXNativeTarget;
			buildConfigurationList = 030C22352A13B2FF00625532 /* Build configuration list for PBXNativeTarget "All YouTests" */;
			buildPhases = (
				030C221A2A13B2FF00625532 /* Sources */,
				030C221B2A13B2FF00625532 /* Frameworks */,
				030C221C2A13B2FF00625532 /* Resources */,
			);
			buildRules = (
			);
			dependencies = (
				030C22202A13B2FF00625532 /* PBXTargetDependency */,
			);
			name = "All YouTests";
			productName = "All YouTests";
			productReference = 030C221E2A13B2FF00625532 /* All YouTests.xctest */;
			productType = "com.apple.product-type.bundle.unit-test";
		};
		030C22272A13B2FF00625532 /* All YouUITests */ = {
			isa = PBXNativeTarget;
			buildConfigurationList = 030C22382A13B2FF00625532 /* Build configuration list for PBXNativeTarget "All YouUITests" */;
			buildPhases = (
				030C22242A13B2FF00625532 /* Sources */,
				030C22252A13B2FF00625532 /* Frameworks */,
				030C22262A13B2FF00625532 /* Resources */,
			);
			buildRules = (
			);
			dependencies = (
				030C222A2A13B2FF00625532 /* PBXTargetDependency */,
			);
			name = "All YouUITests";
			productName = "All YouUITests";
			productReference = 030C22282A13B2FF00625532 /* All YouUITests.xctest */;
			productType = "com.apple.product-type.bundle.ui-testing";
		};
/* End PBXNativeTarget section */

/* Begin PBXProject section */
		030C22062A13B2FE00625532 /* Project object */ = {
			isa = PBXProject;
			attributes = {
				BuildIndependentTargetsInParallel = 1;
				LastSwiftUpdateCheck = 1430;
				LastUpgradeCheck = 1430;
				TargetAttributes = {
					030C220D2A13B2FE00625532 = {
						CreatedOnToolsVersion = 14.3;
					};
					030C221D2A13B2FF00625532 = {
						CreatedOnToolsVersion = 14.3;
						TestTargetID = 030C220D2A13B2FE00625532;
					};
					030C22272A13B2FF00625532 = {
						CreatedOnToolsVersion = 14.3;
						TestTargetID = 030C220D2A13B2FE00625532;
					};
				};
			};
			buildConfigurationList = 030C22092A13B2FE00625532 /* Build configuration list for PBXProject "All You" */;
			compatibilityVersion = "Xcode 14.0";
			developmentRegion = en;
			hasScannedForEncodings = 0;
			knownRegions = (
				en,
				Base,
			);
			mainGroup = 030C22052A13B2FE00625532;
			packageReferences = (
				030C237A2A13FBF100625532 /* XCRemoteSwiftPackageReference "AnimatedTabBar" */,
				0313A2EE2A16CBCD00FEC459 /* XCRemoteSwiftPackageReference "sdk-for-apple" */,
			);
			productRefGroup = 030C220F2A13B2FE00625532 /* Products */;
			projectDirPath = "";
			projectRoot = "";
			targets = (
				030C220D2A13B2FE00625532 /* All You */,
				030C221D2A13B2FF00625532 /* All YouTests */,
				030C22272A13B2FF00625532 /* All YouUITests */,
			);
		};
/* End PBXProject section */

/* Begin PBXResourcesBuildPhase section */
		030C220C2A13B2FE00625532 /* Resources */ = {
			isa = PBXResourcesBuildPhase;
			buildActionMask = 2147483647;
			files = (
				030C234F2A13B5BE00625532 /* Preview Assets.xcassets in Resources */,
				030C22192A13B2FF00625532 /* Preview Assets.xcassets in Resources */,
				030C234C2A13B5BE00625532 /* Assets.xcassets in Resources */,
			);
			runOnlyForDeploymentPostprocessing = 0;
		};
		030C221C2A13B2FF00625532 /* Resources */ = {
			isa = PBXResourcesBuildPhase;
			buildActionMask = 2147483647;
			files = (
				030C23502A13B5BE00625532 /* Preview Assets.xcassets in Resources */,
				030C234D2A13B5BE00625532 /* Assets.xcassets in Resources */,
				030C23532A13B5BE00625532 /* Info.plist in Resources */,
			);
			runOnlyForDeploymentPostprocessing = 0;
		};
		030C22262A13B2FF00625532 /* Resources */ = {
			isa = PBXResourcesBuildPhase;
			buildActionMask = 2147483647;
			files = (
				030C23512A13B5BE00625532 /* Preview Assets.xcassets in Resources */,
				030C234E2A13B5BE00625532 /* Assets.xcassets in Resources */,
				030C23542A13B5BE00625532 /* Info.plist in Resources */,
			);
			runOnlyForDeploymentPostprocessing = 0;
		};
/* End PBXResourcesBuildPhase section */

/* Begin PBXSourcesBuildPhase section */
		030C220A2A13B2FE00625532 /* Sources */ = {
			isa = PBXSourcesBuildPhase;
			buildActionMask = 2147483647;
			files = (
				030C231C2A13B5BE00625532 /* LoginState.swift in Sources */,
				030C22F22A13B5BE00625532 /* Buttons.swift in Sources */,
				030C22D12A13B5BE00625532 /* FrontReducer.swift in Sources */,
				030C230A2A13B5BE00625532 /* RootReducer.swift in Sources */,
				030C22A42A13B5BE00625532 /* AlterRepository.swift in Sources */,
				030C23132A13B5BE00625532 /* AlterUIModel.swift in Sources */,
				030C23402A13B5BE00625532 /* AlterOnboarding.swift in Sources */,
				030C22B92A13B5BE00625532 /* GetCurrentUserUseCase.swift in Sources */,
				030C23252A13B5BE00625532 /* SavingProfile.swift in Sources */,
				030C22CE2A13B5BE00625532 /* ChatView.swift in Sources */,
				030C23632A13F89500625532 /* AlterSheetState.swift in Sources */,
				030C22C52A13B5BE00625532 /* SignInWithGoogleUseCase.swift in Sources */,
				030C22A12A13B5BE00625532 /* FrontRepository.swift in Sources */,
				030C22E62A13B5BE00625532 /* AlterView.swift in Sources */,
				030C22CB2A13B5BE00625532 /* HomeView.swift in Sources */,
				030C23432A13B5BE00625532 /* NotificationsPermissions.swift in Sources */,
				030C22122A13B2FE00625532 /* All_YouApp.swift in Sources */,
				030C231F2A13B5BE00625532 /* LoginReducer.swift in Sources */,
				030C22B32A13B5BE00625532 /* SignInWithAppleUseCase.swift in Sources */,
				030C22922A13B5BE00625532 /* SequenceUtils.swift in Sources */,
				030C235F2A13BCE000625532 /* AlterSheet.swift in Sources */,
				030C236F2A13F99A00625532 /* AlterSheetSideEffects.swift in Sources */,
				030C22EC2A13B5BE00625532 /* ProfilePhotoComponent.swift in Sources */,
				030C22B02A13B5BE00625532 /* UserModel.swift in Sources */,
				030C22C22A13B5BE00625532 /* UploadProfilePhotoUseCase.swift in Sources */,
				030C232E2A13B5BE00625532 /* OnboardingSideEffects.swift in Sources */,
				030C22E32A13B5BE00625532 /* AlterViewState.swift in Sources */,
				030C23222A13B5BE00625532 /* LoginSideEffects.swift in Sources */,
				030C22EF2A13B5BE00625532 /* ProfileViewComponent.swift in Sources */,
				030C22BF2A13B5BE00625532 /* GetUserAltersUseCase.swift in Sources */,
				030C229B2A13B5BE00625532 /* AuthenticationRepository.swift in Sources */,
				030C230D2A13B5BE00625532 /* SettingsView.swift in Sources */,
				030C23592A13B97E00625532 /* SearchAltersUseCase.swift in Sources */,
				030C23462A13B5BE00625532 /* ServiceContainer.swift in Sources */,
				030C22DA2A13B5BE00625532 /* FrontActions.swift in Sources */,
				030C22A72A13B5BE00625532 /* AppwriteClient.swift in Sources */,
				030C22C82A13B5BE00625532 /* IsUserSignedInUseCase.swift in Sources */,
				030C22982A13B5BE00625532 /* UserRepository.swift in Sources */,
				030C23012A13B5BE00625532 /* RootView.swift in Sources */,
				030C23072A13B5BE00625532 /* RootState.swift in Sources */,
				030C22E92A13B5BE00625532 /* SearchBar.swift in Sources */,
				030C22AD2A13B5BE00625532 /* AlterModel.swift in Sources */,
				030C23312A13B5BE00625532 /* OnboardingState.swift in Sources */,
				030C232B2A13B5BE00625532 /* OnboardingReducer.swift in Sources */,
				030C22B62A13B5BE00625532 /* HasUserCompletedOnboardingUseCase.swift in Sources */,
				030C23772A13FA9700625532 /* GetAlterByIDUseCase.swift in Sources */,
				030C22D72A13B5BE00625532 /* FrontView.swift in Sources */,
				030C22FE2A13B5BE00625532 /* RootActions.swift in Sources */,
				030C229E2A13B5BE00625532 /* ProfilePhotoRepository.swift in Sources */,
				030C233D2A13B5BE00625532 /* Onboarding.swift in Sources */,
				030C23162A13B5BE00625532 /* LoginView.swift in Sources */,
				030C23042A13B5BE00625532 /* RootSideEffect.swift in Sources */,
				030C22F52A13B5BE00625532 /* Spacing.swift in Sources */,
				030C22F82A13B5BE00625532 /* TextInput.swift in Sources */,
				030C23192A13B5BE00625532 /* LoginActions.swift in Sources */,
				030C23102A13B5BE00625532 /* UserUIModel.swift in Sources */,
				030C22FB2A13B5BE00625532 /* Colors.swift in Sources */,
				030C22BC2A13B5BE00625532 /* SaveOnboardingUserProfileUseCase.swift in Sources */,
				030C23492A13B5BE00625532 /* PropertyWrapper.swift in Sources */,
				030C22D42A13B5BE00625532 /* FrontState.swift in Sources */,
				030C23372A13B5BE00625532 /* SystemOnboarding.swift in Sources */,
				030C23672A13F8E000625532 /* AlterSheetActions.swift in Sources */,
				030C23342A13B5BE00625532 /* OnboardingActions.swift in Sources */,
				030C22952A13B5BE00625532 /* ColorUtils.swift in Sources */,
				030C22AA2A13B5BE00625532 /* FrontRecord.swift in Sources */,
				030C23732A13F9BB00625532 /* AlterSheetReducer.swift in Sources */,
				030C233A2A13B5BE00625532 /* SystemOnbaordingState~.swift in Sources */,
				030C22E02A13B5BE00625532 /* Store.swift in Sources */,
				030C23282A13B5BE00625532 /* WelcomePage.swift in Sources */,
				030C22DD2A13B5BE00625532 /* FrontSideEffects.swift in Sources */,
			);
			runOnlyForDeploymentPostprocessing = 0;
		};
		030C221A2A13B2FF00625532 /* Sources */ = {
			isa = PBXSourcesBuildPhase;
			buildActionMask = 2147483647;
			files = (
				030C22AE2A13B5BE00625532 /* AlterModel.swift in Sources */,
				030C22FF2A13B5BE00625532 /* RootActions.swift in Sources */,
				030C22B42A13B5BE00625532 /* SignInWithAppleUseCase.swift in Sources */,
				030C233E2A13B5BE00625532 /* Onboarding.swift in Sources */,
				030C22D22A13B5BE00625532 /* FrontReducer.swift in Sources */,
				030C23172A13B5BE00625532 /* LoginView.swift in Sources */,
				030C22C62A13B5BE00625532 /* SignInWithGoogleUseCase.swift in Sources */,
				030C22ED2A13B5BE00625532 /* ProfilePhotoComponent.swift in Sources */,
				030C234A2A13B5BE00625532 /* PropertyWrapper.swift in Sources */,
				030C23232A13B5BE00625532 /* LoginSideEffects.swift in Sources */,
				030C23112A13B5BE00625532 /* UserUIModel.swift in Sources */,
				030C23702A13F99A00625532 /* AlterSheetSideEffects.swift in Sources */,
				030C22B72A13B5BE00625532 /* HasUserCompletedOnboardingUseCase.swift in Sources */,
				030C232C2A13B5BE00625532 /* OnboardingReducer.swift in Sources */,
				030C22CF2A13B5BE00625532 /* ChatView.swift in Sources */,
				030C23472A13B5BE00625532 /* ServiceContainer.swift in Sources */,
				030C22F62A13B5BE00625532 /* Spacing.swift in Sources */,
				030C23262A13B5BE00625532 /* SavingProfile.swift in Sources */,
				030C23352A13B5BE00625532 /* OnboardingActions.swift in Sources */,
				030C22EA2A13B5BE00625532 /* SearchBar.swift in Sources */,
				030C23082A13B5BE00625532 /* RootState.swift in Sources */,
				030C22A52A13B5BE00625532 /* AlterRepository.swift in Sources */,
				030C233B2A13B5BE00625532 /* SystemOnbaordingState~.swift in Sources */,
				030C230E2A13B5BE00625532 /* SettingsView.swift in Sources */,
				030C22F02A13B5BE00625532 /* ProfileViewComponent.swift in Sources */,
				030C22E12A13B5BE00625532 /* Store.swift in Sources */,
				030C232F2A13B5BE00625532 /* OnboardingSideEffects.swift in Sources */,
				030C22962A13B5BE00625532 /* ColorUtils.swift in Sources */,
				030C23442A13B5BE00625532 /* NotificationsPermissions.swift in Sources */,
				030C231A2A13B5BE00625532 /* LoginActions.swift in Sources */,
				030C23292A13B5BE00625532 /* WelcomePage.swift in Sources */,
				030C235A2A13B97E00625532 /* SearchAltersUseCase.swift in Sources */,
				030C22E72A13B5BE00625532 /* AlterView.swift in Sources */,
				030C22AB2A13B5BE00625532 /* FrontRecord.swift in Sources */,
				030C22C02A13B5BE00625532 /* GetUserAltersUseCase.swift in Sources */,
				030C22C32A13B5BE00625532 /* UploadProfilePhotoUseCase.swift in Sources */,
				030C22932A13B5BE00625532 /* SequenceUtils.swift in Sources */,
				030C22992A13B5BE00625532 /* UserRepository.swift in Sources */,
				030C22D52A13B5BE00625532 /* FrontState.swift in Sources */,
				030C229C2A13B5BE00625532 /* AuthenticationRepository.swift in Sources */,
				030C22BA2A13B5BE00625532 /* GetCurrentUserUseCase.swift in Sources */,
				030C229F2A13B5BE00625532 /* ProfilePhotoRepository.swift in Sources */,
				030C22F92A13B5BE00625532 /* TextInput.swift in Sources */,
				030C23202A13B5BE00625532 /* LoginReducer.swift in Sources */,
				030C22A82A13B5BE00625532 /* AppwriteClient.swift in Sources */,
				030C22F32A13B5BE00625532 /* Buttons.swift in Sources */,
				030C22DE2A13B5BE00625532 /* FrontSideEffects.swift in Sources */,
				030C22FC2A13B5BE00625532 /* Colors.swift in Sources */,
				030C23052A13B5BE00625532 /* RootSideEffect.swift in Sources */,
				030C22E42A13B5BE00625532 /* AlterViewState.swift in Sources */,
				030C22CC2A13B5BE00625532 /* HomeView.swift in Sources */,
				030C231D2A13B5BE00625532 /* LoginState.swift in Sources */,
				030C23742A13F9BB00625532 /* AlterSheetReducer.swift in Sources */,
				030C23412A13B5BE00625532 /* AlterOnboarding.swift in Sources */,
				030C23642A13F89500625532 /* AlterSheetState.swift in Sources */,
				030C22BD2A13B5BE00625532 /* SaveOnboardingUserProfileUseCase.swift in Sources */,
				030C23142A13B5BE00625532 /* AlterUIModel.swift in Sources */,
				030C230B2A13B5BE00625532 /* RootReducer.swift in Sources */,
				030C22A22A13B5BE00625532 /* FrontRepository.swift in Sources */,
				030C22B12A13B5BE00625532 /* UserModel.swift in Sources */,
				030C22232A13B2FF00625532 /* All_YouTests.swift in Sources */,
				030C23382A13B5BE00625532 /* SystemOnboarding.swift in Sources */,
				030C23022A13B5BE00625532 /* RootView.swift in Sources */,
				030C22DB2A13B5BE00625532 /* FrontActions.swift in Sources */,
				030C23322A13B5BE00625532 /* OnboardingState.swift in Sources */,
				030C22C92A13B5BE00625532 /* IsUserSignedInUseCase.swift in Sources */,
				030C22D82A13B5BE00625532 /* FrontView.swift in Sources */,
				030C23782A13FA9700625532 /* GetAlterByIDUseCase.swift in Sources */,
				030C23602A13BCE000625532 /* AlterSheet.swift in Sources */,
				030C23682A13F8E000625532 /* AlterSheetActions.swift in Sources */,
			);
			runOnlyForDeploymentPostprocessing = 0;
		};
		030C22242A13B2FF00625532 /* Sources */ = {
			isa = PBXSourcesBuildPhase;
			buildActionMask = 2147483647;
			files = (
				030C231E2A13B5BE00625532 /* LoginState.swift in Sources */,
				030C22F42A13B5BE00625532 /* Buttons.swift in Sources */,
				030C22D32A13B5BE00625532 /* FrontReducer.swift in Sources */,
				030C230C2A13B5BE00625532 /* RootReducer.swift in Sources */,
				030C22A62A13B5BE00625532 /* AlterRepository.swift in Sources */,
				030C23152A13B5BE00625532 /* AlterUIModel.swift in Sources */,
				030C23422A13B5BE00625532 /* AlterOnboarding.swift in Sources */,
				030C22BB2A13B5BE00625532 /* GetCurrentUserUseCase.swift in Sources */,
				030C23272A13B5BE00625532 /* SavingProfile.swift in Sources */,
				030C22D02A13B5BE00625532 /* ChatView.swift in Sources */,
				030C23652A13F89500625532 /* AlterSheetState.swift in Sources */,
				030C22C72A13B5BE00625532 /* SignInWithGoogleUseCase.swift in Sources */,
				030C222F2A13B2FF00625532 /* All_YouUITestsLaunchTests.swift in Sources */,
				030C22A32A13B5BE00625532 /* FrontRepository.swift in Sources */,
				030C22E82A13B5BE00625532 /* AlterView.swift in Sources */,
				030C22CD2A13B5BE00625532 /* HomeView.swift in Sources */,
				030C23452A13B5BE00625532 /* NotificationsPermissions.swift in Sources */,
				030C222D2A13B2FF00625532 /* All_YouUITests.swift in Sources */,
				030C23212A13B5BE00625532 /* LoginReducer.swift in Sources */,
				030C22B52A13B5BE00625532 /* SignInWithAppleUseCase.swift in Sources */,
				030C22942A13B5BE00625532 /* SequenceUtils.swift in Sources */,
				030C23612A13BCE000625532 /* AlterSheet.swift in Sources */,
				030C23712A13F99A00625532 /* AlterSheetSideEffects.swift in Sources */,
				030C22EE2A13B5BE00625532 /* ProfilePhotoComponent.swift in Sources */,
				030C22B22A13B5BE00625532 /* UserModel.swift in Sources */,
				030C22C42A13B5BE00625532 /* UploadProfilePhotoUseCase.swift in Sources */,
				030C23302A13B5BE00625532 /* OnboardingSideEffects.swift in Sources */,
				030C22E52A13B5BE00625532 /* AlterViewState.swift in Sources */,
				030C23242A13B5BE00625532 /* LoginSideEffects.swift in Sources */,
				030C22F12A13B5BE00625532 /* ProfileViewComponent.swift in Sources */,
				030C22C12A13B5BE00625532 /* GetUserAltersUseCase.swift in Sources */,
				030C229D2A13B5BE00625532 /* AuthenticationRepository.swift in Sources */,
				030C230F2A13B5BE00625532 /* SettingsView.swift in Sources */,
				030C235B2A13B97E00625532 /* SearchAltersUseCase.swift in Sources */,
				030C23482A13B5BE00625532 /* ServiceContainer.swift in Sources */,
				030C22DC2A13B5BE00625532 /* FrontActions.swift in Sources */,
				030C22A92A13B5BE00625532 /* AppwriteClient.swift in Sources */,
				030C22CA2A13B5BE00625532 /* IsUserSignedInUseCase.swift in Sources */,
				030C229A2A13B5BE00625532 /* UserRepository.swift in Sources */,
				030C23032A13B5BE00625532 /* RootView.swift in Sources */,
				030C23092A13B5BE00625532 /* RootState.swift in Sources */,
				030C22EB2A13B5BE00625532 /* SearchBar.swift in Sources */,
				030C22AF2A13B5BE00625532 /* AlterModel.swift in Sources */,
				030C23332A13B5BE00625532 /* OnboardingState.swift in Sources */,
				030C232D2A13B5BE00625532 /* OnboardingReducer.swift in Sources */,
				030C22B82A13B5BE00625532 /* HasUserCompletedOnboardingUseCase.swift in Sources */,
				030C23792A13FA9700625532 /* GetAlterByIDUseCase.swift in Sources */,
				030C22D92A13B5BE00625532 /* FrontView.swift in Sources */,
				030C23002A13B5BE00625532 /* RootActions.swift in Sources */,
				030C22A02A13B5BE00625532 /* ProfilePhotoRepository.swift in Sources */,
				030C233F2A13B5BE00625532 /* Onboarding.swift in Sources */,
				030C23182A13B5BE00625532 /* LoginView.swift in Sources */,
				030C23062A13B5BE00625532 /* RootSideEffect.swift in Sources */,
				030C22F72A13B5BE00625532 /* Spacing.swift in Sources */,
				030C22FA2A13B5BE00625532 /* TextInput.swift in Sources */,
				030C231B2A13B5BE00625532 /* LoginActions.swift in Sources */,
				030C23122A13B5BE00625532 /* UserUIModel.swift in Sources */,
				030C22FD2A13B5BE00625532 /* Colors.swift in Sources */,
				030C22BE2A13B5BE00625532 /* SaveOnboardingUserProfileUseCase.swift in Sources */,
				030C234B2A13B5BE00625532 /* PropertyWrapper.swift in Sources */,
				030C22D62A13B5BE00625532 /* FrontState.swift in Sources */,
				030C23392A13B5BE00625532 /* SystemOnboarding.swift in Sources */,
				030C23692A13F8E000625532 /* AlterSheetActions.swift in Sources */,
				030C23362A13B5BE00625532 /* OnboardingActions.swift in Sources */,
				030C22972A13B5BE00625532 /* ColorUtils.swift in Sources */,
				030C22AC2A13B5BE00625532 /* FrontRecord.swift in Sources */,
				030C23752A13F9BB00625532 /* AlterSheetReducer.swift in Sources */,
				030C233C2A13B5BE00625532 /* SystemOnbaordingState~.swift in Sources */,
				030C22E22A13B5BE00625532 /* Store.swift in Sources */,
				030C232A2A13B5BE00625532 /* WelcomePage.swift in Sources */,
				030C22DF2A13B5BE00625532 /* FrontSideEffects.swift in Sources */,
			);
			runOnlyForDeploymentPostprocessing = 0;
		};
/* End PBXSourcesBuildPhase section */

/* Begin PBXTargetDependency section */
		030C22202A13B2FF00625532 /* PBXTargetDependency */ = {
			isa = PBXTargetDependency;
			target = 030C220D2A13B2FE00625532 /* All You */;
			targetProxy = 030C221F2A13B2FF00625532 /* PBXContainerItemProxy */;
		};
		030C222A2A13B2FF00625532 /* PBXTargetDependency */ = {
			isa = PBXTargetDependency;
			target = 030C220D2A13B2FE00625532 /* All You */;
			targetProxy = 030C22292A13B2FF00625532 /* PBXContainerItemProxy */;
		};
/* End PBXTargetDependency section */

/* Begin XCBuildConfiguration section */
		030C22302A13B2FF00625532 /* Debug */ = {
			isa = XCBuildConfiguration;
			buildSettings = {
				ALWAYS_SEARCH_USER_PATHS = NO;
				CLANG_ANALYZER_NONNULL = YES;
				CLANG_ANALYZER_NUMBER_OBJECT_CONVERSION = YES_AGGRESSIVE;
				CLANG_CXX_LANGUAGE_STANDARD = "gnu++20";
				CLANG_ENABLE_MODULES = YES;
				CLANG_ENABLE_OBJC_ARC = YES;
				CLANG_ENABLE_OBJC_WEAK = YES;
				CLANG_WARN_BLOCK_CAPTURE_AUTORELEASING = YES;
				CLANG_WARN_BOOL_CONVERSION = YES;
				CLANG_WARN_COMMA = YES;
				CLANG_WARN_CONSTANT_CONVERSION = YES;
				CLANG_WARN_DEPRECATED_OBJC_IMPLEMENTATIONS = YES;
				CLANG_WARN_DIRECT_OBJC_ISA_USAGE = YES_ERROR;
				CLANG_WARN_DOCUMENTATION_COMMENTS = YES;
				CLANG_WARN_EMPTY_BODY = YES;
				CLANG_WARN_ENUM_CONVERSION = YES;
				CLANG_WARN_INFINITE_RECURSION = YES;
				CLANG_WARN_INT_CONVERSION = YES;
				CLANG_WARN_NON_LITERAL_NULL_CONVERSION = YES;
				CLANG_WARN_OBJC_IMPLICIT_RETAIN_SELF = YES;
				CLANG_WARN_OBJC_LITERAL_CONVERSION = YES;
				CLANG_WARN_OBJC_ROOT_CLASS = YES_ERROR;
				CLANG_WARN_QUOTED_INCLUDE_IN_FRAMEWORK_HEADER = YES;
				CLANG_WARN_RANGE_LOOP_ANALYSIS = YES;
				CLANG_WARN_STRICT_PROTOTYPES = YES;
				CLANG_WARN_SUSPICIOUS_MOVE = YES;
				CLANG_WARN_UNGUARDED_AVAILABILITY = YES_AGGRESSIVE;
				CLANG_WARN_UNREACHABLE_CODE = YES;
				CLANG_WARN__DUPLICATE_METHOD_MATCH = YES;
				COPY_PHASE_STRIP = NO;
				DEBUG_INFORMATION_FORMAT = dwarf;
				ENABLE_STRICT_OBJC_MSGSEND = YES;
				ENABLE_TESTABILITY = YES;
				GCC_C_LANGUAGE_STANDARD = gnu11;
				GCC_DYNAMIC_NO_PIC = NO;
				GCC_NO_COMMON_BLOCKS = YES;
				GCC_OPTIMIZATION_LEVEL = 0;
				GCC_PREPROCESSOR_DEFINITIONS = (
					"DEBUG=1",
					"$(inherited)",
				);
				GCC_WARN_64_TO_32_BIT_CONVERSION = YES;
				GCC_WARN_ABOUT_RETURN_TYPE = YES_ERROR;
				GCC_WARN_UNDECLARED_SELECTOR = YES;
				GCC_WARN_UNINITIALIZED_AUTOS = YES_AGGRESSIVE;
				GCC_WARN_UNUSED_FUNCTION = YES;
				GCC_WARN_UNUSED_VARIABLE = YES;
				IPHONEOS_DEPLOYMENT_TARGET = 16.4;
				MTL_ENABLE_DEBUG_INFO = INCLUDE_SOURCE;
				MTL_FAST_MATH = YES;
				ONLY_ACTIVE_ARCH = YES;
				SDKROOT = iphoneos;
				SWIFT_ACTIVE_COMPILATION_CONDITIONS = DEBUG;
				SWIFT_OPTIMIZATION_LEVEL = "-Onone";
			};
			name = Debug;
		};
		030C22312A13B2FF00625532 /* Release */ = {
			isa = XCBuildConfiguration;
			buildSettings = {
				ALWAYS_SEARCH_USER_PATHS = NO;
				CLANG_ANALYZER_NONNULL = YES;
				CLANG_ANALYZER_NUMBER_OBJECT_CONVERSION = YES_AGGRESSIVE;
				CLANG_CXX_LANGUAGE_STANDARD = "gnu++20";
				CLANG_ENABLE_MODULES = YES;
				CLANG_ENABLE_OBJC_ARC = YES;
				CLANG_ENABLE_OBJC_WEAK = YES;
				CLANG_WARN_BLOCK_CAPTURE_AUTORELEASING = YES;
				CLANG_WARN_BOOL_CONVERSION = YES;
				CLANG_WARN_COMMA = YES;
				CLANG_WARN_CONSTANT_CONVERSION = YES;
				CLANG_WARN_DEPRECATED_OBJC_IMPLEMENTATIONS = YES;
				CLANG_WARN_DIRECT_OBJC_ISA_USAGE = YES_ERROR;
				CLANG_WARN_DOCUMENTATION_COMMENTS = YES;
				CLANG_WARN_EMPTY_BODY = YES;
				CLANG_WARN_ENUM_CONVERSION = YES;
				CLANG_WARN_INFINITE_RECURSION = YES;
				CLANG_WARN_INT_CONVERSION = YES;
				CLANG_WARN_NON_LITERAL_NULL_CONVERSION = YES;
				CLANG_WARN_OBJC_IMPLICIT_RETAIN_SELF = YES;
				CLANG_WARN_OBJC_LITERAL_CONVERSION = YES;
				CLANG_WARN_OBJC_ROOT_CLASS = YES_ERROR;
				CLANG_WARN_QUOTED_INCLUDE_IN_FRAMEWORK_HEADER = YES;
				CLANG_WARN_RANGE_LOOP_ANALYSIS = YES;
				CLANG_WARN_STRICT_PROTOTYPES = YES;
				CLANG_WARN_SUSPICIOUS_MOVE = YES;
				CLANG_WARN_UNGUARDED_AVAILABILITY = YES_AGGRESSIVE;
				CLANG_WARN_UNREACHABLE_CODE = YES;
				CLANG_WARN__DUPLICATE_METHOD_MATCH = YES;
				COPY_PHASE_STRIP = NO;
				DEBUG_INFORMATION_FORMAT = "dwarf-with-dsym";
				ENABLE_NS_ASSERTIONS = NO;
				ENABLE_STRICT_OBJC_MSGSEND = YES;
				GCC_C_LANGUAGE_STANDARD = gnu11;
				GCC_NO_COMMON_BLOCKS = YES;
				GCC_WARN_64_TO_32_BIT_CONVERSION = YES;
				GCC_WARN_ABOUT_RETURN_TYPE = YES_ERROR;
				GCC_WARN_UNDECLARED_SELECTOR = YES;
				GCC_WARN_UNINITIALIZED_AUTOS = YES_AGGRESSIVE;
				GCC_WARN_UNUSED_FUNCTION = YES;
				GCC_WARN_UNUSED_VARIABLE = YES;
				IPHONEOS_DEPLOYMENT_TARGET = 16.4;
				MTL_ENABLE_DEBUG_INFO = NO;
				MTL_FAST_MATH = YES;
				SDKROOT = iphoneos;
				SWIFT_COMPILATION_MODE = wholemodule;
				SWIFT_OPTIMIZATION_LEVEL = "-O";
				VALIDATE_PRODUCT = YES;
			};
			name = Release;
		};
		030C22332A13B2FF00625532 /* Debug */ = {
			isa = XCBuildConfiguration;
			buildSettings = {
				ASSETCATALOG_COMPILER_APPICON_NAME = AppIcon;
				ASSETCATALOG_COMPILER_GLOBAL_ACCENT_COLOR_NAME = AccentColor;
				CODE_SIGN_ENTITLEMENTS = "All You/All You.entitlements";
				CODE_SIGN_STYLE = Automatic;
				CURRENT_PROJECT_VERSION = 1;
				DEVELOPMENT_ASSET_PATHS = "\"All You/Preview Content\"";
				DEVELOPMENT_TEAM = LM7DLL82HX;
				ENABLE_PREVIEWS = YES;
				GENERATE_INFOPLIST_FILE = YES;
				INFOPLIST_KEY_UIApplicationSceneManifest_Generation = YES;
				INFOPLIST_KEY_UIApplicationSupportsIndirectInputEvents = YES;
				INFOPLIST_KEY_UILaunchScreen_Generation = YES;
				INFOPLIST_KEY_UISupportedInterfaceOrientations_iPad = "UIInterfaceOrientationPortrait UIInterfaceOrientationPortraitUpsideDown UIInterfaceOrientationLandscapeLeft UIInterfaceOrientationLandscapeRight";
				INFOPLIST_KEY_UISupportedInterfaceOrientations_iPhone = "UIInterfaceOrientationPortrait UIInterfaceOrientationLandscapeLeft UIInterfaceOrientationLandscapeRight";
				LD_RUNPATH_SEARCH_PATHS = (
					"$(inherited)",
					"@executable_path/Frameworks",
				);
				MARKETING_VERSION = 1.0;
				PRODUCT_BUNDLE_IDENTIFIER = "com.whitewhiskywolf.AllYou-ios";
				PRODUCT_NAME = "$(TARGET_NAME)";
				SWIFT_EMIT_LOC_STRINGS = YES;
				SWIFT_VERSION = 5.0;
				TARGETED_DEVICE_FAMILY = "1,2";
			};
			name = Debug;
		};
		030C22342A13B2FF00625532 /* Release */ = {
			isa = XCBuildConfiguration;
			buildSettings = {
				ASSETCATALOG_COMPILER_APPICON_NAME = AppIcon;
				ASSETCATALOG_COMPILER_GLOBAL_ACCENT_COLOR_NAME = AccentColor;
				CODE_SIGN_ENTITLEMENTS = "All You/All You.entitlements";
				CODE_SIGN_STYLE = Automatic;
				CURRENT_PROJECT_VERSION = 1;
				DEVELOPMENT_ASSET_PATHS = "\"All You/Preview Content\"";
				DEVELOPMENT_TEAM = LM7DLL82HX;
				ENABLE_PREVIEWS = YES;
				GENERATE_INFOPLIST_FILE = YES;
				INFOPLIST_KEY_UIApplicationSceneManifest_Generation = YES;
				INFOPLIST_KEY_UIApplicationSupportsIndirectInputEvents = YES;
				INFOPLIST_KEY_UILaunchScreen_Generation = YES;
				INFOPLIST_KEY_UISupportedInterfaceOrientations_iPad = "UIInterfaceOrientationPortrait UIInterfaceOrientationPortraitUpsideDown UIInterfaceOrientationLandscapeLeft UIInterfaceOrientationLandscapeRight";
				INFOPLIST_KEY_UISupportedInterfaceOrientations_iPhone = "UIInterfaceOrientationPortrait UIInterfaceOrientationLandscapeLeft UIInterfaceOrientationLandscapeRight";
				LD_RUNPATH_SEARCH_PATHS = (
					"$(inherited)",
					"@executable_path/Frameworks",
				);
				MARKETING_VERSION = 1.0;
				PRODUCT_BUNDLE_IDENTIFIER = "com.whitewhiskywolf.AllYou-ios";
				PRODUCT_NAME = "$(TARGET_NAME)";
				SWIFT_EMIT_LOC_STRINGS = YES;
				SWIFT_VERSION = 5.0;
				TARGETED_DEVICE_FAMILY = "1,2";
			};
			name = Release;
		};
		030C22362A13B2FF00625532 /* Debug */ = {
			isa = XCBuildConfiguration;
			buildSettings = {
				ALWAYS_EMBED_SWIFT_STANDARD_LIBRARIES = YES;
				BUNDLE_LOADER = "$(TEST_HOST)";
				CODE_SIGN_STYLE = Automatic;
				CURRENT_PROJECT_VERSION = 1;
				DEVELOPMENT_TEAM = LM7DLL82HX;
				GENERATE_INFOPLIST_FILE = YES;
				IPHONEOS_DEPLOYMENT_TARGET = 16.4;
				MARKETING_VERSION = 1.0;
				PRODUCT_BUNDLE_IDENTIFIER = "com.whitewhiskywolf.All-YouTests";
				PRODUCT_NAME = "$(TARGET_NAME)";
				SWIFT_EMIT_LOC_STRINGS = NO;
				SWIFT_VERSION = 5.0;
				TARGETED_DEVICE_FAMILY = "1,2";
				TEST_HOST = "$(BUILT_PRODUCTS_DIR)/All You.app/$(BUNDLE_EXECUTABLE_FOLDER_PATH)/All You";
			};
			name = Debug;
		};
		030C22372A13B2FF00625532 /* Release */ = {
			isa = XCBuildConfiguration;
			buildSettings = {
				ALWAYS_EMBED_SWIFT_STANDARD_LIBRARIES = YES;
				BUNDLE_LOADER = "$(TEST_HOST)";
				CODE_SIGN_STYLE = Automatic;
				CURRENT_PROJECT_VERSION = 1;
				DEVELOPMENT_TEAM = LM7DLL82HX;
				GENERATE_INFOPLIST_FILE = YES;
				IPHONEOS_DEPLOYMENT_TARGET = 16.4;
				MARKETING_VERSION = 1.0;
				PRODUCT_BUNDLE_IDENTIFIER = "com.whitewhiskywolf.All-YouTests";
				PRODUCT_NAME = "$(TARGET_NAME)";
				SWIFT_EMIT_LOC_STRINGS = NO;
				SWIFT_VERSION = 5.0;
				TARGETED_DEVICE_FAMILY = "1,2";
				TEST_HOST = "$(BUILT_PRODUCTS_DIR)/All You.app/$(BUNDLE_EXECUTABLE_FOLDER_PATH)/All You";
			};
			name = Release;
		};
		030C22392A13B2FF00625532 /* Debug */ = {
			isa = XCBuildConfiguration;
			buildSettings = {
				ALWAYS_EMBED_SWIFT_STANDARD_LIBRARIES = YES;
				CODE_SIGN_STYLE = Automatic;
				CURRENT_PROJECT_VERSION = 1;
				DEVELOPMENT_TEAM = LM7DLL82HX;
				GENERATE_INFOPLIST_FILE = YES;
				MARKETING_VERSION = 1.0;
				PRODUCT_BUNDLE_IDENTIFIER = "com.whitewhiskywolf.All-YouUITests";
				PRODUCT_NAME = "$(TARGET_NAME)";
				SWIFT_EMIT_LOC_STRINGS = NO;
				SWIFT_VERSION = 5.0;
				TARGETED_DEVICE_FAMILY = "1,2";
				TEST_TARGET_NAME = "All You";
			};
			name = Debug;
		};
		030C223A2A13B2FF00625532 /* Release */ = {
			isa = XCBuildConfiguration;
			buildSettings = {
				ALWAYS_EMBED_SWIFT_STANDARD_LIBRARIES = YES;
				CODE_SIGN_STYLE = Automatic;
				CURRENT_PROJECT_VERSION = 1;
				DEVELOPMENT_TEAM = LM7DLL82HX;
				GENERATE_INFOPLIST_FILE = YES;
				MARKETING_VERSION = 1.0;
				PRODUCT_BUNDLE_IDENTIFIER = "com.whitewhiskywolf.All-YouUITests";
				PRODUCT_NAME = "$(TARGET_NAME)";
				SWIFT_EMIT_LOC_STRINGS = NO;
				SWIFT_VERSION = 5.0;
				TARGETED_DEVICE_FAMILY = "1,2";
				TEST_TARGET_NAME = "All You";
			};
			name = Release;
		};
/* End XCBuildConfiguration section */

/* Begin XCConfigurationList section */
		030C22092A13B2FE00625532 /* Build configuration list for PBXProject "All You" */ = {
			isa = XCConfigurationList;
			buildConfigurations = (
				030C22302A13B2FF00625532 /* Debug */,
				030C22312A13B2FF00625532 /* Release */,
			);
			defaultConfigurationIsVisible = 0;
			defaultConfigurationName = Release;
		};
		030C22322A13B2FF00625532 /* Build configuration list for PBXNativeTarget "All You" */ = {
			isa = XCConfigurationList;
			buildConfigurations = (
				030C22332A13B2FF00625532 /* Debug */,
				030C22342A13B2FF00625532 /* Release */,
			);
			defaultConfigurationIsVisible = 0;
			defaultConfigurationName = Release;
		};
		030C22352A13B2FF00625532 /* Build configuration list for PBXNativeTarget "All YouTests" */ = {
			isa = XCConfigurationList;
			buildConfigurations = (
				030C22362A13B2FF00625532 /* Debug */,
				030C22372A13B2FF00625532 /* Release */,
			);
			defaultConfigurationIsVisible = 0;
			defaultConfigurationName = Release;
		};
		030C22382A13B2FF00625532 /* Build configuration list for PBXNativeTarget "All YouUITests" */ = {
			isa = XCConfigurationList;
			buildConfigurations = (
				030C22392A13B2FF00625532 /* Debug */,
				030C223A2A13B2FF00625532 /* Release */,
			);
			defaultConfigurationIsVisible = 0;
			defaultConfigurationName = Release;
		};
/* End XCConfigurationList section */

/* Begin XCRemoteSwiftPackageReference section */
		030C237A2A13FBF100625532 /* XCRemoteSwiftPackageReference "AnimatedTabBar" */ = {
			isa = XCRemoteSwiftPackageReference;
			repositoryURL = "https://github.com/exyte/AnimatedTabBar.git";
			requirement = {
				kind = upToNextMajorVersion;
				minimumVersion = 0.0.2;
			};
		};
		0313A2EE2A16CBCD00FEC459 /* XCRemoteSwiftPackageReference "sdk-for-apple" */ = {
			isa = XCRemoteSwiftPackageReference;
			repositoryURL = "https://github.com/appwrite/sdk-for-apple";
			requirement = {
				kind = upToNextMajorVersion;
				minimumVersion = 2.0.0;
			};
		};
/* End XCRemoteSwiftPackageReference section */

/* Begin XCSwiftPackageProductDependency section */
		030C237B2A13FBF100625532 /* AnimatedTabBar */ = {
			isa = XCSwiftPackageProductDependency;
			package = 030C237A2A13FBF100625532 /* XCRemoteSwiftPackageReference "AnimatedTabBar" */;
			productName = AnimatedTabBar;
		};
		0313A2EF2A16CBCD00FEC459 /* Appwrite */ = {
			isa = XCSwiftPackageProductDependency;
			package = 0313A2EE2A16CBCD00FEC459 /* XCRemoteSwiftPackageReference "sdk-for-apple" */;
			productName = Appwrite;
		};
/* End XCSwiftPackageProductDependency section */
	};
	rootObject = 030C22062A13B2FE00625532 /* Project object */;
}
